// !$*UTF8*$!
{
	archiveVersion = 1;
	classes = {
	};
	objectVersion = 77;
	objects = {

/* Begin PBXBuildFile section */
		085A847B91556F58F0799339 /* CursorUsageCore in Frameworks */ = {isa = PBXBuildFile; productRef = 42920EBF770ADCA233569FB2 /* CursorUsageCore */; };
		123E7B69D607CF80EA22C68E /* CursorUsageWidgets.appex in Embed Foundation Extensions */ = {isa = PBXBuildFile; fileRef = 877B0F967CCC1D8C34B40F9D /* CursorUsageWidgets.appex */; settings = {ATTRIBUTES = (RemoveHeadersOnCopy, ); }; };
		38BEB562C58CFAE068095C59 /* SettingsRootView.swift in Sources */ = {isa = PBXBuildFile; fileRef = A905F4E400E7A3C109C2AF57 /* SettingsRootView.swift */; };
		44D27C3EB943F82E0B4DC7AD /* IncludedPaidAboutSettings.swift in Sources */ = {isa = PBXBuildFile; fileRef = E89E3E5D3E60B1018A960DDF /* IncludedPaidAboutSettings.swift */; };
		4DBD41D473BA56E5DF08370B /* MenuBarLabelView.swift in Sources */ = {isa = PBXBuildFile; fileRef = CD38FF7739F2FCF0BBAAC89F /* MenuBarLabelView.swift */; };
		5E1E126E24564CD7A93D864A /* CursorUsageWidgets.swift in Sources */ = {isa = PBXBuildFile; fileRef = A0023361D50A46D8DFCBE0AA /* CursorUsageWidgets.swift */; };
		AB1CD943F35327A3FB09F25C /* CursorUsageTrackerApp.swift in Sources */ = {isa = PBXBuildFile; fileRef = 01D6BA7BBE2BE25C5CDE6B2C /* CursorUsageTrackerApp.swift */; };
		B8B07B749C82E504A37C9388 /* MenuBarPopoverView.swift in Sources */ = {isa = PBXBuildFile; fileRef = B10B4DC6481D9FBB53CB9194 /* MenuBarPopoverView.swift */; };
		C31824068E33904B649A3594 /* CursorUsageCore in Frameworks */ = {isa = PBXBuildFile; productRef = 1C35E5E6634A287A0971CC6F /* CursorUsageCore */; };
		D896CBE48F91EBBBCAC93E51 /* GeneralSettingsView.swift in Sources */ = {isa = PBXBuildFile; fileRef = AF872466A93EEF6AE698D30A /* GeneralSettingsView.swift */; };
		E6CCE91BDB1D611E63C47A66 /* AuthenticationSettingsView.swift in Sources */ = {isa = PBXBuildFile; fileRef = 8161504B9ED6174A8DF8349F /* AuthenticationSettingsView.swift */; };
/* End PBXBuildFile section */

/* Begin PBXContainerItemProxy section */
		4E3678A05FBDD575288A9E38 /* PBXContainerItemProxy */ = {
			isa = PBXContainerItemProxy;
			containerPortal = 7B96D75EAFF9B198E8FED4BC /* Project object */;
			proxyType = 1;
			remoteGlobalIDString = E1EB33C9031D4460134BC8D6;
			remoteInfo = CursorUsageWidgets;
		};
/* End PBXContainerItemProxy section */

/* Begin PBXCopyFilesBuildPhase section */
		1F87AD9079F92E24D82123E2 /* Embed Foundation Extensions */ = {
			isa = PBXCopyFilesBuildPhase;
			buildActionMask = 2147483647;
			dstPath = "";
			dstSubfolderSpec = 13;
			files = (
				123E7B69D607CF80EA22C68E /* CursorUsageWidgets.appex in Embed Foundation Extensions */,
			);
			name = "Embed Foundation Extensions";
			runOnlyForDeploymentPostprocessing = 0;
		};
/* End PBXCopyFilesBuildPhase section */

/* Begin PBXFileReference section */
		01D6BA7BBE2BE25C5CDE6B2C /* CursorUsageTrackerApp.swift */ = {isa = PBXFileReference; lastKnownFileType = sourcecode.swift; path = CursorUsageTrackerApp.swift; sourceTree = "<group>"; };
		15C1A86C67D4E7B40D40AE8D /* Info.plist */ = {isa = PBXFileReference; lastKnownFileType = text.plist; path = Info.plist; sourceTree = "<group>"; };
		4238390F852D7D39A70FEF75 /* CursorUsageTracker.entitlements */ = {isa = PBXFileReference; lastKnownFileType = text.plist.entitlements; path = CursorUsageTracker.entitlements; sourceTree = "<group>"; };
		7E5AFE99C7EE27A406E96CE5 /* CursorUsageCore */ = {isa = PBXFileReference; lastKnownFileType = folder; name = CursorUsageCore; path = Packages/CursorUsageCore; sourceTree = SOURCE_ROOT; };
		8161504B9ED6174A8DF8349F /* AuthenticationSettingsView.swift */ = {isa = PBXFileReference; lastKnownFileType = sourcecode.swift; path = AuthenticationSettingsView.swift; sourceTree = "<group>"; };
		877B0F967CCC1D8C34B40F9D /* CursorUsageWidgets.appex */ = {isa = PBXFileReference; explicitFileType = "wrapper.app-extension"; includeInIndex = 0; path = CursorUsageWidgets.appex; sourceTree = BUILT_PRODUCTS_DIR; };
		A0023361D50A46D8DFCBE0AA /* CursorUsageWidgets.swift */ = {isa = PBXFileReference; lastKnownFileType = sourcecode.swift; path = CursorUsageWidgets.swift; sourceTree = "<group>"; };
		A905F4E400E7A3C109C2AF57 /* SettingsRootView.swift */ = {isa = PBXFileReference; lastKnownFileType = sourcecode.swift; path = SettingsRootView.swift; sourceTree = "<group>"; };
		AD6B180D099DC6CD5691B113 /* CursorUsageWidgets.entitlements */ = {isa = PBXFileReference; lastKnownFileType = text.plist.entitlements; path = CursorUsageWidgets.entitlements; sourceTree = "<group>"; };
		AF872466A93EEF6AE698D30A /* GeneralSettingsView.swift */ = {isa = PBXFileReference; lastKnownFileType = sourcecode.swift; path = GeneralSettingsView.swift; sourceTree = "<group>"; };
		B10B4DC6481D9FBB53CB9194 /* MenuBarPopoverView.swift */ = {isa = PBXFileReference; lastKnownFileType = sourcecode.swift; path = MenuBarPopoverView.swift; sourceTree = "<group>"; };
		BAB6318BD090C6E7FF509DC3 /* CursorUsageTracker.app */ = {isa = PBXFileReference; explicitFileType = wrapper.application; includeInIndex = 0; path = CursorUsageTracker.app; sourceTree = BUILT_PRODUCTS_DIR; };
		CD38FF7739F2FCF0BBAAC89F /* MenuBarLabelView.swift */ = {isa = PBXFileReference; lastKnownFileType = sourcecode.swift; path = MenuBarLabelView.swift; sourceTree = "<group>"; };
		E89E3E5D3E60B1018A960DDF /* IncludedPaidAboutSettings.swift */ = {isa = PBXFileReference; lastKnownFileType = sourcecode.swift; path = IncludedPaidAboutSettings.swift; sourceTree = "<group>"; };
/* End PBXFileReference section */

/* Begin PBXFrameworksBuildPhase section */
		3D3344B28F8702C3225E8E25 /* Frameworks */ = {
			isa = PBXFrameworksBuildPhase;
			buildActionMask = 2147483647;
			files = (
				C31824068E33904B649A3594 /* CursorUsageCore in Frameworks */,
			);
			runOnlyForDeploymentPostprocessing = 0;
		};
		5848464162B2626BCCCC7847 /* Frameworks */ = {
			isa = PBXFrameworksBuildPhase;
			buildActionMask = 2147483647;
			files = (
				085A847B91556F58F0799339 /* CursorUsageCore in Frameworks */,
			);
			runOnlyForDeploymentPostprocessing = 0;
		};
/* End PBXFrameworksBuildPhase section */

/* Begin PBXGroup section */
		128DC51DA8705D39A0DF709D /* Settings */ = {
			isa = PBXGroup;
			children = (
				8161504B9ED6174A8DF8349F /* AuthenticationSettingsView.swift */,
				AF872466A93EEF6AE698D30A /* GeneralSettingsView.swift */,
				E89E3E5D3E60B1018A960DDF /* IncludedPaidAboutSettings.swift */,
				A905F4E400E7A3C109C2AF57 /* SettingsRootView.swift */,
			);
			path = Settings;
			sourceTree = "<group>";
		};
		1D545F010D817960A7746605 /* Packages */ = {
			isa = PBXGroup;
			children = (
				7E5AFE99C7EE27A406E96CE5 /* CursorUsageCore */,
			);
			path = Packages;
			sourceTree = "<group>";
		};
		232EADABDDC8CDED829B89F1 /* macOS */ = {
			isa = PBXGroup;
			children = (
				E479C32072D82D0495DEBCAC /* CursorUsageTracker */,
			);
			path = macOS;
			sourceTree = "<group>";
		};
		485056A51585A6A7AD632932 /* Widgets */ = {
			isa = PBXGroup;
			children = (
				832A714BED62EA9FF99CE273 /* CursorUsageWidgets */,
			);
			path = Widgets;
			sourceTree = "<group>";
		};
		76C2F29A79CFCD1FEA867525 = {
			isa = PBXGroup;
			children = (
				8168134912E191224A05C631 /* Apps */,
				1D545F010D817960A7746605 /* Packages */,
				485056A51585A6A7AD632932 /* Widgets */,
				9D111D40DB2F25F52624DF42 /* Products */,
			);
			sourceTree = "<group>";
		};
		7A3C43D1F32E634CAE905264 /* Views */ = {
			isa = PBXGroup;
			children = (
				CD38FF7739F2FCF0BBAAC89F /* MenuBarLabelView.swift */,
				B10B4DC6481D9FBB53CB9194 /* MenuBarPopoverView.swift */,
			);
			path = Views;
			sourceTree = "<group>";
		};
		8168134912E191224A05C631 /* Apps */ = {
			isa = PBXGroup;
			children = (
				232EADABDDC8CDED829B89F1 /* macOS */,
			);
			path = Apps;
			sourceTree = "<group>";
		};
		832A714BED62EA9FF99CE273 /* CursorUsageWidgets */ = {
			isa = PBXGroup;
			children = (
				AD6B180D099DC6CD5691B113 /* CursorUsageWidgets.entitlements */,
				A0023361D50A46D8DFCBE0AA /* CursorUsageWidgets.swift */,
				15C1A86C67D4E7B40D40AE8D /* Info.plist */,
			);
			path = CursorUsageWidgets;
			sourceTree = "<group>";
		};
		9D111D40DB2F25F52624DF42 /* Products */ = {
			isa = PBXGroup;
			children = (
				BAB6318BD090C6E7FF509DC3 /* CursorUsageTracker.app */,
				877B0F967CCC1D8C34B40F9D /* CursorUsageWidgets.appex */,
			);
			name = Products;
			sourceTree = "<group>";
		};
		E479C32072D82D0495DEBCAC /* CursorUsageTracker */ = {
			isa = PBXGroup;
			children = (
				4238390F852D7D39A70FEF75 /* CursorUsageTracker.entitlements */,
				01D6BA7BBE2BE25C5CDE6B2C /* CursorUsageTrackerApp.swift */,
				128DC51DA8705D39A0DF709D /* Settings */,
				7A3C43D1F32E634CAE905264 /* Views */,
			);
			path = CursorUsageTracker;
			sourceTree = "<group>";
		};
/* End PBXGroup section */

/* Begin PBXNativeTarget section */
		0697D446B69B99CCE888C2FF /* CursorUsageTracker */ = {
			isa = PBXNativeTarget;
			buildConfigurationList = F6D35224B535654BA1C3224A /* Build configuration list for PBXNativeTarget "CursorUsageTracker" */;
			buildPhases = (
				42C0DB34BAE1536E3E6F31EF /* Sources */,
				5848464162B2626BCCCC7847 /* Frameworks */,
				1F87AD9079F92E24D82123E2 /* Embed Foundation Extensions */,
			);
			buildRules = (
			);
			dependencies = (
				C8AE9F8E0026FF2007DDF882 /* PBXTargetDependency */,
			);
			name = CursorUsageTracker;
			packageProductDependencies = (
				42920EBF770ADCA233569FB2 /* CursorUsageCore */,
			);
			productName = CursorUsageTracker;
			productReference = BAB6318BD090C6E7FF509DC3 /* CursorUsageTracker.app */;
			productType = "com.apple.product-type.application";
		};
		E1EB33C9031D4460134BC8D6 /* CursorUsageWidgets */ = {
			isa = PBXNativeTarget;
			buildConfigurationList = 667A2DEB8E7AB89631225A18 /* Build configuration list for PBXNativeTarget "CursorUsageWidgets" */;
			buildPhases = (
				0EB34F7D51D8685BD9EC4CB9 /* Sources */,
				3D3344B28F8702C3225E8E25 /* Frameworks */,
			);
			buildRules = (
			);
			dependencies = (
			);
			name = CursorUsageWidgets;
			packageProductDependencies = (
				1C35E5E6634A287A0971CC6F /* CursorUsageCore */,
			);
			productName = CursorUsageWidgets;
			productReference = 877B0F967CCC1D8C34B40F9D /* CursorUsageWidgets.appex */;
			productType = "com.apple.product-type.app-extension";
		};
/* End PBXNativeTarget section */

/* Begin PBXProject section */
		7B96D75EAFF9B198E8FED4BC /* Project object */ = {
			isa = PBXProject;
			attributes = {
				BuildIndependentTargetsInParallel = YES;
				LastUpgradeCheck = 1430;
				TargetAttributes = {
					0697D446B69B99CCE888C2FF = {
						ProvisioningStyle = Automatic;
					};
				};
			};
			buildConfigurationList = 147011B62A0706BB3FBA8DA9 /* Build configuration list for PBXProject "CursorUsageTracker" */;
			developmentRegion = en;
			hasScannedForEncodings = 0;
			knownRegions = (
				Base,
				en,
			);
			mainGroup = 76C2F29A79CFCD1FEA867525;
			minimizedProjectReferenceProxies = 1;
			packageReferences = (
				3F3F88FD1571A2A6F85E17C0 /* XCLocalSwiftPackageReference "Packages/CursorUsageCore" */,
			);
			preferredProjectObjectVersion = 77;
			productRefGroup = 9D111D40DB2F25F52624DF42 /* Products */;
			projectDirPath = "";
			projectRoot = "";
			targets = (
				0697D446B69B99CCE888C2FF /* CursorUsageTracker */,
				E1EB33C9031D4460134BC8D6 /* CursorUsageWidgets */,
			);
		};
/* End PBXProject section */

/* Begin PBXSourcesBuildPhase section */
		0EB34F7D51D8685BD9EC4CB9 /* Sources */ = {
			isa = PBXSourcesBuildPhase;
			buildActionMask = 2147483647;
			files = (
				5E1E126E24564CD7A93D864A /* CursorUsageWidgets.swift in Sources */,
			);
			runOnlyForDeploymentPostprocessing = 0;
		};
		42C0DB34BAE1536E3E6F31EF /* Sources */ = {
			isa = PBXSourcesBuildPhase;
			buildActionMask = 2147483647;
			files = (
				E6CCE91BDB1D611E63C47A66 /* AuthenticationSettingsView.swift in Sources */,
				AB1CD943F35327A3FB09F25C /* CursorUsageTrackerApp.swift in Sources */,
				D896CBE48F91EBBBCAC93E51 /* GeneralSettingsView.swift in Sources */,
				44D27C3EB943F82E0B4DC7AD /* IncludedPaidAboutSettings.swift in Sources */,
				4DBD41D473BA56E5DF08370B /* MenuBarLabelView.swift in Sources */,
				B8B07B749C82E504A37C9388 /* MenuBarPopoverView.swift in Sources */,
				38BEB562C58CFAE068095C59 /* SettingsRootView.swift in Sources */,
			);
			runOnlyForDeploymentPostprocessing = 0;
		};
/* End PBXSourcesBuildPhase section */

/* Begin PBXTargetDependency section */
		C8AE9F8E0026FF2007DDF882 /* PBXTargetDependency */ = {
			isa = PBXTargetDependency;
			target = E1EB33C9031D4460134BC8D6 /* CursorUsageWidgets */;
			targetProxy = 4E3678A05FBDD575288A9E38 /* PBXContainerItemProxy */;
		};
/* End PBXTargetDependency section */

/* Begin XCBuildConfiguration section */
		0FD2B243886D4F24F85B8087 /* Debug */ = {
			isa = XCBuildConfiguration;
			buildSettings = {
				ASSETCATALOG_COMPILER_APPICON_NAME = AppIcon;
				CODE_SIGN_ENTITLEMENTS = Apps/macOS/CursorUsageTracker/CursorUsageTracker.entitlements;
				CODE_SIGN_STYLE = Automatic;
				COMBINE_HIDPI_IMAGES = YES;
				ENABLE_HARDENED_RUNTIME = YES;
				GENERATE_INFOPLIST_FILE = YES;
				INFOPLIST_KEY_CFBundleDisplayName = "Cursor Usage Tracker";
				INFOPLIST_KEY_LSUIElement = YES;
				LD_RUNPATH_SEARCH_PATHS = (
					"$(inherited)",
					"@executable_path/../Frameworks",
				);
				PRODUCT_BUNDLE_IDENTIFIER = com.cursorusagetracker.app;
				SDKROOT = macosx;
			};
			name = Debug;
		};
		3E3399260DAC228AB1E30929 /* Debug */ = {
			isa = XCBuildConfiguration;
			buildSettings = {
				CODE_SIGN_ENTITLEMENTS = Widgets/CursorUsageWidgets/CursorUsageWidgets.entitlements;
				COMBINE_HIDPI_IMAGES = YES;
				GENERATE_INFOPLIST_FILE = YES;
				INFOPLIST_FILE = Widgets/CursorUsageWidgets/Info.plist;
				INFOPLIST_KEY_CFBundleDisplayName = "Cursor Usage Widgets";
				LD_RUNPATH_SEARCH_PATHS = (
					"$(inherited)",
					"@executable_path/../Frameworks",
					"@executable_path/../../../../Frameworks",
				);
				PRODUCT_BUNDLE_IDENTIFIER = com.cursorusagetracker.app.widgets;
				SDKROOT = macosx;
				SKIP_INSTALL = YES;
			};
			name = Debug;
		};
		8B144412FB43C6C47B2FC46E /* Debug */ = {
			isa = XCBuildConfiguration;
			buildSettings = {
				ALWAYS_SEARCH_USER_PATHS = NO;
				CLANG_ANALYZER_NONNULL = YES;
				CLANG_ANALYZER_NUMBER_OBJECT_CONVERSION = YES_AGGRESSIVE;
				CLANG_CXX_LANGUAGE_STANDARD = "gnu++14";
				CLANG_CXX_LIBRARY = "libc++";
				CLANG_ENABLE_MODULES = YES;
				CLANG_ENABLE_OBJC_ARC = YES;
				CLANG_ENABLE_OBJC_WEAK = YES;
				CLANG_WARN_BLOCK_CAPTURE_AUTORELEASING = YES;
				CLANG_WARN_BOOL_CONVERSION = YES;
				CLANG_WARN_COMMA = YES;
				CLANG_WARN_CONSTANT_CONVERSION = YES;
				CLANG_WARN_DEPRECATED_OBJC_IMPLEMENTATIONS = YES;
				CLANG_WARN_DIRECT_OBJC_ISA_USAGE = YES_ERROR;
				CLANG_WARN_DOCUMENTATION_COMMENTS = YES;
				CLANG_WARN_EMPTY_BODY = YES;
				CLANG_WARN_ENUM_CONVERSION = YES;
				CLANG_WARN_INFINITE_RECURSION = YES;
				CLANG_WARN_INT_CONVERSION = YES;
				CLANG_WARN_NON_LITERAL_NULL_CONVERSION = YES;
				CLANG_WARN_OBJC_IMPLICIT_RETAIN_SELF = YES;
				CLANG_WARN_OBJC_LITERAL_CONVERSION = YES;
				CLANG_WARN_OBJC_ROOT_CLASS = YES_ERROR;
				CLANG_WARN_QUOTED_INCLUDE_IN_FRAMEWORK_HEADER = YES;
				CLANG_WARN_RANGE_LOOP_ANALYSIS = YES;
				CLANG_WARN_STRICT_PROTOTYPES = YES;
				CLANG_WARN_SUSPICIOUS_MOVE = YES;
				CLANG_WARN_UNGUARDED_AVAILABILITY = YES_AGGRESSIVE;
				CLANG_WARN_UNREACHABLE_CODE = YES;
				CLANG_WARN__DUPLICATE_METHOD_MATCH = YES;
				COPY_PHASE_STRIP = NO;
				CURRENT_PROJECT_VERSION = 1;
				DEBUG_INFORMATION_FORMAT = dwarf;
				ENABLE_STRICT_OBJC_MSGSEND = YES;
				ENABLE_TESTABILITY = YES;
				GCC_C_LANGUAGE_STANDARD = gnu11;
				GCC_DYNAMIC_NO_PIC = NO;
				GCC_NO_COMMON_BLOCKS = YES;
				GCC_OPTIMIZATION_LEVEL = 0;
				GCC_PREPROCESSOR_DEFINITIONS = (
					"$(inherited)",
					"DEBUG=1",
				);
				GCC_WARN_64_TO_32_BIT_CONVERSION = YES;
				GCC_WARN_ABOUT_RETURN_TYPE = YES_ERROR;
				GCC_WARN_UNDECLARED_SELECTOR = YES;
				GCC_WARN_UNINITIALIZED_AUTOS = YES_AGGRESSIVE;
				GCC_WARN_UNUSED_FUNCTION = YES;
				GCC_WARN_UNUSED_VARIABLE = YES;
				MACOSX_DEPLOYMENT_TARGET = 14.0;
				MARKETING_VERSION = 0.1.0;
				MTL_ENABLE_DEBUG_INFO = INCLUDE_SOURCE;
				MTL_FAST_MATH = YES;
				ONLY_ACTIVE_ARCH = YES;
				PRODUCT_NAME = "$(TARGET_NAME)";
				SDKROOT = macosx;
				SWIFT_ACTIVE_COMPILATION_CONDITIONS = DEBUG;
				SWIFT_OPTIMIZATION_LEVEL = "-Onone";
				SWIFT_VERSION = 5.9;
			};
			name = Debug;
		};
		8BB05EB18C8A5DDA7F9A7C80 /* Release */ = {
			isa = XCBuildConfiguration;
			buildSettings = {
				CODE_SIGN_ENTITLEMENTS = Widgets/CursorUsageWidgets/CursorUsageWidgets.entitlements;
				COMBINE_HIDPI_IMAGES = YES;
				GENERATE_INFOPLIST_FILE = YES;
				INFOPLIST_FILE = Widgets/CursorUsageWidgets/Info.plist;
				INFOPLIST_KEY_CFBundleDisplayName = "Cursor Usage Widgets";
				LD_RUNPATH_SEARCH_PATHS = (
					"$(inherited)",
					"@executable_path/../Frameworks",
					"@executable_path/../../../../Frameworks",
				);
				PRODUCT_BUNDLE_IDENTIFIER = com.cursorusagetracker.app.widgets;
				SDKROOT = macosx;
				SKIP_INSTALL = YES;
			};
			name = Release;
		};
		AB92E20B1E802C687919D4F7 /* Release */ = {
			isa = XCBuildConfiguration;
			buildSettings = {
				ALWAYS_SEARCH_USER_PATHS = NO;
				CLANG_ANALYZER_NONNULL = YES;
				CLANG_ANALYZER_NUMBER_OBJECT_CONVERSION = YES_AGGRESSIVE;
				CLANG_CXX_LANGUAGE_STANDARD = "gnu++14";
				CLANG_CXX_LIBRARY = "libc++";
				CLANG_ENABLE_MODULES = YES;
				CLANG_ENABLE_OBJC_ARC = YES;
				CLANG_ENABLE_OBJC_WEAK = YES;
				CLANG_WARN_BLOCK_CAPTURE_AUTORELEASING = YES;
				CLANG_WARN_BOOL_CONVERSION = YES;
				CLANG_WARN_COMMA = YES;
				CLANG_WARN_CONSTANT_CONVERSION = YES;
				CLANG_WARN_DEPRECATED_OBJC_IMPLEMENTATIONS = YES;
				CLANG_WARN_DIRECT_OBJC_ISA_USAGE = YES_ERROR;
				CLANG_WARN_DOCUMENTATION_COMMENTS = YES;
				CLANG_WARN_EMPTY_BODY = YES;
				CLANG_WARN_ENUM_CONVERSION = YES;
				CLANG_WARN_INFINITE_RECURSION = YES;
				CLANG_WARN_INT_CONVERSION = YES;
				CLANG_WARN_NON_LITERAL_NULL_CONVERSION = YES;
				CLANG_WARN_OBJC_IMPLICIT_RETAIN_SELF = YES;
				CLANG_WARN_OBJC_LITERAL_CONVERSION = YES;
				CLANG_WARN_OBJC_ROOT_CLASS = YES_ERROR;
				CLANG_WARN_QUOTED_INCLUDE_IN_FRAMEWORK_HEADER = YES;
				CLANG_WARN_RANGE_LOOP_ANALYSIS = YES;
				CLANG_WARN_STRICT_PROTOTYPES = YES;
				CLANG_WARN_SUSPICIOUS_MOVE = YES;
				CLANG_WARN_UNGUARDED_AVAILABILITY = YES_AGGRESSIVE;
				CLANG_WARN_UNREACHABLE_CODE = YES;
				CLANG_WARN__DUPLICATE_METHOD_MATCH = YES;
				COPY_PHASE_STRIP = NO;
				CURRENT_PROJECT_VERSION = 1;
				DEBUG_INFORMATION_FORMAT = "dwarf-with-dsym";
				ENABLE_NS_ASSERTIONS = NO;
				ENABLE_STRICT_OBJC_MSGSEND = YES;
				GCC_C_LANGUAGE_STANDARD = gnu11;
				GCC_NO_COMMON_BLOCKS = YES;
				GCC_WARN_64_TO_32_BIT_CONVERSION = YES;
				GCC_WARN_ABOUT_RETURN_TYPE = YES_ERROR;
				GCC_WARN_UNDECLARED_SELECTOR = YES;
				GCC_WARN_UNINITIALIZED_AUTOS = YES_AGGRESSIVE;
				GCC_WARN_UNUSED_FUNCTION = YES;
				GCC_WARN_UNUSED_VARIABLE = YES;
				MACOSX_DEPLOYMENT_TARGET = 14.0;
				MARKETING_VERSION = 0.1.0;
				MTL_ENABLE_DEBUG_INFO = NO;
				MTL_FAST_MATH = YES;
				PRODUCT_NAME = "$(TARGET_NAME)";
				SDKROOT = macosx;
				SWIFT_COMPILATION_MODE = wholemodule;
				SWIFT_OPTIMIZATION_LEVEL = "-O";
				SWIFT_VERSION = 5.9;
			};
			name = Release;
		};
		ABD07067955BF5046744E093 /* Release */ = {
			isa = XCBuildConfiguration;
			buildSettings = {
				ASSETCATALOG_COMPILER_APPICON_NAME = AppIcon;
				CODE_SIGN_ENTITLEMENTS = Apps/macOS/CursorUsageTracker/CursorUsageTracker.entitlements;
				CODE_SIGN_STYLE = Automatic;
				COMBINE_HIDPI_IMAGES = YES;
				ENABLE_HARDENED_RUNTIME = YES;
				GENERATE_INFOPLIST_FILE = YES;
				INFOPLIST_KEY_CFBundleDisplayName = "Cursor Usage Tracker";
				INFOPLIST_KEY_LSUIElement = YES;
				LD_RUNPATH_SEARCH_PATHS = (
					"$(inherited)",
					"@executable_path/../Frameworks",
				);
				PRODUCT_BUNDLE_IDENTIFIER = com.cursorusagetracker.app;
				SDKROOT = macosx;
			};
			name = Release;
		};
/* End XCBuildConfiguration section */

/* Begin XCConfigurationList section */
		147011B62A0706BB3FBA8DA9 /* Build configuration list for PBXProject "CursorUsageTracker" */ = {
			isa = XCConfigurationList;
			buildConfigurations = (
				8B144412FB43C6C47B2FC46E /* Debug */,
				AB92E20B1E802C687919D4F7 /* Release */,
			);
			defaultConfigurationIsVisible = 0;
			defaultConfigurationName = Debug;
		};
		667A2DEB8E7AB89631225A18 /* Build configuration list for PBXNativeTarget "CursorUsageWidgets" */ = {
			isa = XCConfigurationList;
			buildConfigurations = (
				3E3399260DAC228AB1E30929 /* Debug */,
				8BB05EB18C8A5DDA7F9A7C80 /* Release */,
			);
			defaultConfigurationIsVisible = 0;
			defaultConfigurationName = Debug;
		};
		F6D35224B535654BA1C3224A /* Build configuration list for PBXNativeTarget "CursorUsageTracker" */ = {
			isa = XCConfigurationList;
			buildConfigurations = (
				0FD2B243886D4F24F85B8087 /* Debug */,
				ABD07067955BF5046744E093 /* Release */,
			);
			defaultConfigurationIsVisible = 0;
			defaultConfigurationName = Debug;
		};
/* End XCConfigurationList section */

/* Begin XCLocalSwiftPackageReference section */
		3F3F88FD1571A2A6F85E17C0 /* XCLocalSwiftPackageReference "Packages/CursorUsageCore" */ = {
			isa = XCLocalSwiftPackageReference;
			relativePath = Packages/CursorUsageCore;
		};
/* End XCLocalSwiftPackageReference section */

/* Begin XCSwiftPackageProductDependency section */
		1C35E5E6634A287A0971CC6F /* CursorUsageCore */ = {
			isa = XCSwiftPackageProductDependency;
			productName = CursorUsageCore;
		};
		42920EBF770ADCA233569FB2 /* CursorUsageCore */ = {
			isa = XCSwiftPackageProductDependency;
			productName = CursorUsageCore;
		};
/* End XCSwiftPackageProductDependency section */
	};
	rootObject = 7B96D75EAFF9B198E8FED4BC /* Project object */;
}
