// !$*UTF8*$!
{
	archiveVersion = 1;
	classes = {
	};
	objectVersion = 77;
	objects = {

/* Begin PBXBuildFile section */
		00A0BB3E31C00F7135D07276 /* AIMeterWatchWidgets.swift in Sources */ = {isa = PBXBuildFile; fileRef = 872068A4034224EE60EF6AC3 /* AIMeterWatchWidgets.swift */; };
		01466355E983B5405CC8DA60 /* UsageExportPanel.swift in Sources */ = {isa = PBXBuildFile; fileRef = 803A59935476DF447FF46A66 /* UsageExportPanel.swift */; };
		05D7C74F232987CC8C9E9E2F /* AppLogo.swift in Sources */ = {isa = PBXBuildFile; fileRef = B6BA471CD0BC79EB447309B0 /* AppLogo.swift */; };
		06BA4E44C3145E8D2DA5C3A2 /* PhoneWatchBridge.swift in Sources */ = {isa = PBXBuildFile; fileRef = F5E5AF64A566E2D72A41FAC9 /* PhoneWatchBridge.swift */; };
		06F87BCDFA97406A58913743 /* AppAbout.swift in Sources */ = {isa = PBXBuildFile; fileRef = 8A20DD7643E1F0B03F44DFA8 /* AppAbout.swift */; };
		0F9BC6E82ABB0F0CB7F3E5D7 /* UsageProgressBar.swift in Sources */ = {isa = PBXBuildFile; fileRef = 62EEC10533BB397BB0C1D0FC /* UsageProgressBar.swift */; };
		130B4BB1F42C6E4B25F87004 /* AIMeteriOSApp.swift in Sources */ = {isa = PBXBuildFile; fileRef = 1FDF674D798E974D4617B12D /* AIMeteriOSApp.swift */; };
		16F99EACE6CEF349FB77704E /* AppLogo.swift in Sources */ = {isa = PBXBuildFile; fileRef = B6BA471CD0BC79EB447309B0 /* AppLogo.swift */; };
		1C53A14B84E506DE83B54BCC /* AppLogo.swift in Sources */ = {isa = PBXBuildFile; fileRef = B6BA471CD0BC79EB447309B0 /* AppLogo.swift */; };
		1D3A1A3B093D6AC5D8D9943C /* ThemeSettingsView.swift in Sources */ = {isa = PBXBuildFile; fileRef = 83633A9BFD2831055CBDCFC8 /* ThemeSettingsView.swift */; };
		1E29A9BF222BC59F0A87C8FA /* AppAbout.swift in Sources */ = {isa = PBXBuildFile; fileRef = 8A20DD7643E1F0B03F44DFA8 /* AppAbout.swift */; };
		1E679AE188376C519E57EBB1 /* PhoneAccountPager.swift in Sources */ = {isa = PBXBuildFile; fileRef = CAB96960CDE22E1A134E627B /* PhoneAccountPager.swift */; };
		222ECAA1FB9DE9D5790D4A21 /* AIMeterCore in Frameworks */ = {isa = PBXBuildFile; productRef = 898F86D4E3561DCA66DE66C0 /* AIMeterCore */; };
		2250D1435FC412BEA06BFB29 /* AccountsView.swift in Sources */ = {isa = PBXBuildFile; fileRef = 5D3383E6B8B045F83EF0EBD1 /* AccountsView.swift */; };
		23A82A3887234983CC1F2BC2 /* OverviewView.swift in Sources */ = {isa = PBXBuildFile; fileRef = D464B97526A34BA33D75904D /* OverviewView.swift */; };
		23E221C042FE7EA7AAAD9E97 /* PrivacyInfo.xcprivacy in Resources */ = {isa = PBXBuildFile; fileRef = 257EFB2A8271795F824DEF1B /* PrivacyInfo.xcprivacy */; };
		2EE75F4F66F52E0F9A218244 /* LoginWebView.swift in Sources */ = {isa = PBXBuildFile; fileRef = 5B5192E96420300FA87B812B /* LoginWebView.swift */; };
		2F787B1ACC79125D4AAC842E /* AppAbout.swift in Sources */ = {isa = PBXBuildFile; fileRef = 8A20DD7643E1F0B03F44DFA8 /* AppAbout.swift */; };
		32BCC39824070416D4F91348 /* WidgetKit.framework in Frameworks */ = {isa = PBXBuildFile; fileRef = DB8C0BF23307D51ED65AF6C0 /* WidgetKit.framework */; };
		3533996B8F23679C6B551EC7 /* MenuBarPopoverView.swift in Sources */ = {isa = PBXBuildFile; fileRef = 9103D2E7706D855FFE48BF6E /* MenuBarPopoverView.swift */; };
		3813F92CF82184CC67013112 /* PrivacyInfo.xcprivacy in Resources */ = {isa = PBXBuildFile; fileRef = 041105927FDF963B6EC429AF /* PrivacyInfo.xcprivacy */; };
		3B77BFAF702D981D386BA1DB /* Assets.xcassets in Resources */ = {isa = PBXBuildFile; fileRef = 7BDEBA04112B17F56857DB05 /* Assets.xcassets */; };
		3D06A2B226D0FD9F425EC88A /* AIMeterCore in Frameworks */ = {isa = PBXBuildFile; productRef = 56F0512A6C8447B78D569A0C /* AIMeterCore */; };
		44B9BD5879C9819C6CF6EB8F /* AIMeterCore in Frameworks */ = {isa = PBXBuildFile; productRef = BA69FFD0BDD37A99CE9845DF /* AIMeterCore */; };
		468690C7442955A44BCF6A29 /* AppActivation.swift in Sources */ = {isa = PBXBuildFile; fileRef = 3A27C1B6423A4ED2041174DE /* AppActivation.swift */; };
		48E9852649EDDF1863002F82 /* AIMeterApp.swift in Sources */ = {isa = PBXBuildFile; fileRef = EE89107E326FE924787E9513 /* AIMeterApp.swift */; };
		4901436BD7C1394014DDB7E0 /* AppLogo.swift in Sources */ = {isa = PBXBuildFile; fileRef = B6BA471CD0BC79EB447309B0 /* AppLogo.swift */; };
		4E8C588F5165490704C5C7ED /* Assets.xcassets in Resources */ = {isa = PBXBuildFile; fileRef = 6B1EEB0ADD4ECE5BEFBCF978 /* Assets.xcassets */; };
		5431645CC6D4BD22E01E77AE /* WatchConnectivity.framework in Frameworks */ = {isa = PBXBuildFile; fileRef = EA0FBEEF4287E9B00C7B6CB2 /* WatchConnectivity.framework */; };
		5AD2166A95668A12033E9C17 /* WatchSessionBridge.swift in Sources */ = {isa = PBXBuildFile; fileRef = 3556BD63C6FD41405C06E8D4 /* WatchSessionBridge.swift */; };
		630783F957E52BE4FADF40A5 /* UsageProgressBar.swift in Sources */ = {isa = PBXBuildFile; fileRef = 62EEC10533BB397BB0C1D0FC /* UsageProgressBar.swift */; };
		64765E6839599A8908BA15CC /* AppTheme.swift in Sources */ = {isa = PBXBuildFile; fileRef = 948C31689433DBE76F95DB0D /* AppTheme.swift */; };
		65181A745884F12CAA8FE86D /* Assets.xcassets in Resources */ = {isa = PBXBuildFile; fileRef = 6B1EEB0ADD4ECE5BEFBCF978 /* Assets.xcassets */; };
		65630D6A580645667FAF0C2A /* IncludedPaidAboutSettings.swift in Sources */ = {isa = PBXBuildFile; fileRef = 1456110BEF73F3079C3F89FC /* IncludedPaidAboutSettings.swift */; };
		6B866DBC0E1BD8F4E802748B /* AIMeterWidgets.appex in Embed Foundation Extensions */ = {isa = PBXBuildFile; fileRef = 341E4F22889BCB4B3DC7ECC1 /* AIMeterWidgets.appex */; settings = {ATTRIBUTES = (RemoveHeadersOnCopy, ); }; };
		6DE7DFDD4F86B6534251D0EC /* UsageProgressBar.swift in Sources */ = {isa = PBXBuildFile; fileRef = 62EEC10533BB397BB0C1D0FC /* UsageProgressBar.swift */; };
		73CB481D1F843595D66B8DA8 /* WidgetReload.swift in Sources */ = {isa = PBXBuildFile; fileRef = B507CCE324BE60CC26E8D0D6 /* WidgetReload.swift */; };
		742610918337CFFE1E9A2D6C /* UsageUIComponents.swift in Sources */ = {isa = PBXBuildFile; fileRef = B9F843C6FD3B5D1330F2ED1F /* UsageUIComponents.swift */; };
		77EA69F7BA6272942E969932 /* PhoneSettingsPages.swift in Sources */ = {isa = PBXBuildFile; fileRef = BD23017F5B3D54FFC6D6D0EB /* PhoneSettingsPages.swift */; };
		78FD3A627D0B8D9926C68398 /* WidgetKit.framework in Frameworks */ = {isa = PBXBuildFile; fileRef = DB8C0BF23307D51ED65AF6C0 /* WidgetKit.framework */; };
		7A823078C65F60A69F97AF14 /* CycleSpendChart.swift in Sources */ = {isa = PBXBuildFile; fileRef = 5AC210DA9732F3ACFD46D2A7 /* CycleSpendChart.swift */; };
		7BFBA223759D308B14A48435 /* AIMeterWatchWidgets.appex in Embed Foundation Extensions */ = {isa = PBXBuildFile; fileRef = DB3EB94E7CE06AD3E0658827 /* AIMeterWatchWidgets.appex */; settings = {ATTRIBUTES = (RemoveHeadersOnCopy, ); }; };
		7EA9CCB2DF5C37B4D636FB42 /* AppTheme.swift in Sources */ = {isa = PBXBuildFile; fileRef = 948C31689433DBE76F95DB0D /* AppTheme.swift */; };
		851504DDEEA97D120EE2F740 /* AIMeterWatch.app in Embed Watch Content */ = {isa = PBXBuildFile; fileRef = 0FCC7FC12DBB1A85E7847C86 /* AIMeterWatch.app */; settings = {ATTRIBUTES = (RemoveHeadersOnCopy, ); }; };
		8562936F5DB66DC6A8B9B311 /* WidgetReload.swift in Sources */ = {isa = PBXBuildFile; fileRef = B507CCE324BE60CC26E8D0D6 /* WidgetReload.swift */; };
		88B66D41416CE0AADAE14FC3 /* AIMeterWidgets.swift in Sources */ = {isa = PBXBuildFile; fileRef = 3C7249493E46A5C9054A8794 /* AIMeterWidgets.swift */; };
		8990C5139D16549B562096B8 /* PrivacyInfo.xcprivacy in Resources */ = {isa = PBXBuildFile; fileRef = 6DB4FA9B6B17159CDBFB71B3 /* PrivacyInfo.xcprivacy */; };
		950FA61DBFE901089753440E /* WatchOverviewView.swift in Sources */ = {isa = PBXBuildFile; fileRef = B8A651CA1321E6AC848C2316 /* WatchOverviewView.swift */; };
		9558CDDBF1139BD357323AE6 /* AIMeterCore in Frameworks */ = {isa = PBXBuildFile; productRef = FCE0358F1DBD0E0E21745874 /* AIMeterCore */; };
		96938F49F23E259DE1477BE8 /* WidgetReload.swift in Sources */ = {isa = PBXBuildFile; fileRef = B507CCE324BE60CC26E8D0D6 /* WidgetReload.swift */; };
		97A17BDE047421623758E64C /* AppTheme.swift in Sources */ = {isa = PBXBuildFile; fileRef = 948C31689433DBE76F95DB0D /* AppTheme.swift */; };
		9C68A3842709825E49E7EE6A /* SettingsOpenLink.swift in Sources */ = {isa = PBXBuildFile; fileRef = 5D96DE1FA2AE1FB26BF85A78 /* SettingsOpenLink.swift */; };
		A07164D4807101CA77C92ECC /* SettingsRootView.swift in Sources */ = {isa = PBXBuildFile; fileRef = B7E83DCA27C6CECE3F3FC7B9 /* SettingsRootView.swift */; };
		A45D263258F7647970599390 /* AppTheme.swift in Sources */ = {isa = PBXBuildFile; fileRef = 948C31689433DBE76F95DB0D /* AppTheme.swift */; };
		A5BB7CDADE20B97B02C180C6 /* AppTheme.swift in Sources */ = {isa = PBXBuildFile; fileRef = 948C31689433DBE76F95DB0D /* AppTheme.swift */; };
		A6AFF141D5343C44E7560DC6 /* GeneralSettingsView.swift in Sources */ = {isa = PBXBuildFile; fileRef = 26CED586AFE92A28214C6B06 /* GeneralSettingsView.swift */; };
		AB451BA78F14A5B3989E75BD /* WidgetReload.swift in Sources */ = {isa = PBXBuildFile; fileRef = B507CCE324BE60CC26E8D0D6 /* WidgetReload.swift */; };
		ABD9C595282F61AE54B8C4E1 /* Assets.xcassets in Resources */ = {isa = PBXBuildFile; fileRef = 6E19744A17745DD0BEA721EA /* Assets.xcassets */; };
		AD3738F265996FA92A332157 /* Assets.xcassets in Resources */ = {isa = PBXBuildFile; fileRef = 6B1EEB0ADD4ECE5BEFBCF978 /* Assets.xcassets */; };
		AE79486658FD5DA743477905 /* UsageProgressBar.swift in Sources */ = {isa = PBXBuildFile; fileRef = 62EEC10533BB397BB0C1D0FC /* UsageProgressBar.swift */; };
		AE84DB7371356BCC3C8F0C71 /* WatchConnectivity.framework in Frameworks */ = {isa = PBXBuildFile; fileRef = EA0FBEEF4287E9B00C7B6CB2 /* WatchConnectivity.framework */; };
		AEC5DCDD91365283A6AD60C3 /* BackgroundRefresh.swift in Sources */ = {isa = PBXBuildFile; fileRef = 15C1EF0A9B19808A8E3EC81E /* BackgroundRefresh.swift */; };
		B1E21B395DFFC0AB2EE7099F /* RootTabView.swift in Sources */ = {isa = PBXBuildFile; fileRef = 5223BB27279503FF18BFD417 /* RootTabView.swift */; };
		B4942BC54C23D27B3B0C692F /* UsageProgressBar.swift in Sources */ = {isa = PBXBuildFile; fileRef = 62EEC10533BB397BB0C1D0FC /* UsageProgressBar.swift */; };
		B4E326E754AA0153945CC7F0 /* AccessibilitySettingsView.swift in Sources */ = {isa = PBXBuildFile; fileRef = D6D3E6CF4EF27F58F6D7934A /* AccessibilitySettingsView.swift */; };
		B51D93447326EA459AC26458 /* WidgetReload.swift in Sources */ = {isa = PBXBuildFile; fileRef = B507CCE324BE60CC26E8D0D6 /* WidgetReload.swift */; };
		B53E3C6C505CAB92C8C6FF5B /* AppInstall.swift in Sources */ = {isa = PBXBuildFile; fileRef = C80C34FDEF0972576972DAEF /* AppInstall.swift */; };
		B55DA86C142551C977D6AEF0 /* Assets.xcassets in Resources */ = {isa = PBXBuildFile; fileRef = 6B1EEB0ADD4ECE5BEFBCF978 /* Assets.xcassets */; };
		B8367C1036AD6176B57C62FB /* LayoutSettingsView.swift in Sources */ = {isa = PBXBuildFile; fileRef = AD3E6C9568301DCB7CFAF4ED /* LayoutSettingsView.swift */; };
		BC2E3D80E5FFA1D4E38CE105 /* AIMeteriOSWidgets.appex in Embed Foundation Extensions */ = {isa = PBXBuildFile; fileRef = E52DF7B14350AD6A849B45AB /* AIMeteriOSWidgets.appex */; settings = {ATTRIBUTES = (RemoveHeadersOnCopy, ); }; };
		C1791AEF8061DB891B6CCE7C /* AppAbout.swift in Sources */ = {isa = PBXBuildFile; fileRef = 8A20DD7643E1F0B03F44DFA8 /* AppAbout.swift */; };
		C8BBC52B8CD41CAB5400FC33 /* AIMeterWidgets.swift in Sources */ = {isa = PBXBuildFile; fileRef = 3C7249493E46A5C9054A8794 /* AIMeterWidgets.swift */; };
		CA316B4C1AA5277BAAD1F95C /* AuthenticationSettingsView.swift in Sources */ = {isa = PBXBuildFile; fileRef = 4CCA4666EE82EC9F70F928F6 /* AuthenticationSettingsView.swift */; };
		CF4D4F57A675BFED62578DF5 /* PhoneSettingsView.swift in Sources */ = {isa = PBXBuildFile; fileRef = 354D045F087E27160D7F8123 /* PhoneSettingsView.swift */; };
		D14350E45B6731CC58D0A0E7 /* Sparkle in Frameworks */ = {isa = PBXBuildFile; productRef = 2D973033E752AB9B14EEDD8C /* Sparkle */; };
		D9247407D6F4E9B05C05384A /* WidgetKit.framework in Frameworks */ = {isa = PBXBuildFile; fileRef = DB8C0BF23307D51ED65AF6C0 /* WidgetKit.framework */; };
		DB78EC2E83A1BC0B1253BB60 /* CycleSpendChart.swift in Sources */ = {isa = PBXBuildFile; fileRef = 5AC210DA9732F3ACFD46D2A7 /* CycleSpendChart.swift */; };
		DCD9A5BB80D0ADF3AC093E01 /* StatusItemController.swift in Sources */ = {isa = PBXBuildFile; fileRef = 767FDFADCE92928E5093F315 /* StatusItemController.swift */; };
		E0C7B7A420F0483495B760D0 /* AppAbout.swift in Sources */ = {isa = PBXBuildFile; fileRef = 8A20DD7643E1F0B03F44DFA8 /* AppAbout.swift */; };
		E225EF788DC0271A93393FE8 /* AIMeterCore in Frameworks */ = {isa = PBXBuildFile; productRef = F65517D5DDE9E2607FD7FF1E /* AIMeterCore */; };
		E741D8FC9FF74D03C602924A /* Assets.xcassets in Resources */ = {isa = PBXBuildFile; fileRef = B1421B6CB05574E02990F7B6 /* Assets.xcassets */; };
		EEF29D88993D50E05FD5CAD3 /* AIMeterCore in Frameworks */ = {isa = PBXBuildFile; productRef = 67AD2003BE5EA2E9FAA007D1 /* AIMeterCore */; };
		F3631E4B9DC7F636B9062DA1 /* AIMeterWatchApp.swift in Sources */ = {isa = PBXBuildFile; fileRef = 2DD9C953D1E0BF3360E1D666 /* AIMeterWatchApp.swift */; };
		F7C2649689C05587B9048869 /* Assets.xcassets in Resources */ = {isa = PBXBuildFile; fileRef = 6B1EEB0ADD4ECE5BEFBCF978 /* Assets.xcassets */; };
		F84ADD3287C0725AA8022371 /* MenuBarLabelView.swift in Sources */ = {isa = PBXBuildFile; fileRef = 6C2638ABAD0D7EC663F57016 /* MenuBarLabelView.swift */; };
		FE7376F6CDF45F8A3364B2A8 /* PrivacyInfo.xcprivacy in Resources */ = {isa = PBXBuildFile; fileRef = 1B082DCF3205CD73BE4DEBE7 /* PrivacyInfo.xcprivacy */; };
		FFD913F6E12E81E2429F4665 /* AppLogo.swift in Sources */ = {isa = PBXBuildFile; fileRef = B6BA471CD0BC79EB447309B0 /* AppLogo.swift */; };
/* End PBXBuildFile section */

/* Begin PBXContainerItemProxy section */
		0494409D5B8EB93BBDF3C15F /* PBXContainerItemProxy */ = {
			isa = PBXContainerItemProxy;
			containerPortal = 352CF428D2FD5BDA474D3321 /* Project object */;
			proxyType = 1;
			remoteGlobalIDString = B53219F1684AE065007A8509;
			remoteInfo = AIMeterWatch;
		};
		1AD449F742168CB4927C44D1 /* PBXContainerItemProxy */ = {
			isa = PBXContainerItemProxy;
			containerPortal = 352CF428D2FD5BDA474D3321 /* Project object */;
			proxyType = 1;
			remoteGlobalIDString = 8902107AB14CDC4119A4D056;
			remoteInfo = AIMeterWidgets;
		};
		9AC3AD7A15A41F005DD9E471 /* PBXContainerItemProxy */ = {
			isa = PBXContainerItemProxy;
			containerPortal = 352CF428D2FD5BDA474D3321 /* Project object */;
			proxyType = 1;
			remoteGlobalIDString = E5237823E9034ED5697EB313;
			remoteInfo = AIMeteriOSWidgets;
		};
		CB33DCBB130185C8A1C56E98 /* PBXContainerItemProxy */ = {
			isa = PBXContainerItemProxy;
			containerPortal = 352CF428D2FD5BDA474D3321 /* Project object */;
			proxyType = 1;
			remoteGlobalIDString = A8AEC0712C3023E0271D4BA8;
			remoteInfo = AIMeterWatchWidgets;
		};
/* End PBXContainerItemProxy section */

/* Begin PBXCopyFilesBuildPhase section */
		6FAC5672D2E2D365D7F27DEE /* Embed Foundation Extensions */ = {
			isa = PBXCopyFilesBuildPhase;
			buildActionMask = 2147483647;
			dstPath = "";
			dstSubfolderSpec = 13;
			files = (
				BC2E3D80E5FFA1D4E38CE105 /* AIMeteriOSWidgets.appex in Embed Foundation Extensions */,
			);
			name = "Embed Foundation Extensions";
			runOnlyForDeploymentPostprocessing = 0;
		};
		B2CED124B2EE6B5402BCB48A /* Embed Foundation Extensions */ = {
			isa = PBXCopyFilesBuildPhase;
			buildActionMask = 2147483647;
			dstPath = "";
			dstSubfolderSpec = 13;
			files = (
				7BFBA223759D308B14A48435 /* AIMeterWatchWidgets.appex in Embed Foundation Extensions */,
			);
			name = "Embed Foundation Extensions";
			runOnlyForDeploymentPostprocessing = 0;
		};
		D5DCD25E5216D8366324C898 /* Embed Watch Content */ = {
			isa = PBXCopyFilesBuildPhase;
			buildActionMask = 2147483647;
			dstPath = "$(CONTENTS_FOLDER_PATH)/Watch";
			dstSubfolderSpec = 16;
			files = (
				851504DDEEA97D120EE2F740 /* AIMeterWatch.app in Embed Watch Content */,
			);
			name = "Embed Watch Content";
			runOnlyForDeploymentPostprocessing = 0;
		};
		F4831D07768267A67F86FEF2 /* Embed Foundation Extensions */ = {
			isa = PBXCopyFilesBuildPhase;
			buildActionMask = 2147483647;
			dstPath = "";
			dstSubfolderSpec = 13;
			files = (
				6B866DBC0E1BD8F4E802748B /* AIMeterWidgets.appex in Embed Foundation Extensions */,
			);
			name = "Embed Foundation Extensions";
			runOnlyForDeploymentPostprocessing = 0;
		};
/* End PBXCopyFilesBuildPhase section */

/* Begin PBXFileReference section */
		041105927FDF963B6EC429AF /* PrivacyInfo.xcprivacy */ = {isa = PBXFileReference; path = PrivacyInfo.xcprivacy; sourceTree = "<group>"; };
		0FCC7FC12DBB1A85E7847C86 /* AIMeterWatch.app */ = {isa = PBXFileReference; explicitFileType = wrapper.application; includeInIndex = 0; path = AIMeterWatch.app; sourceTree = BUILT_PRODUCTS_DIR; };
		11A564A7E7B2F48740184610 /* Info.plist */ = {isa = PBXFileReference; lastKnownFileType = text.plist; path = Info.plist; sourceTree = "<group>"; };
		11FC10295B1ECCA7631E1965 /* AIMeterWatchWidgets.entitlements */ = {isa = PBXFileReference; lastKnownFileType = text.plist.entitlements; path = AIMeterWatchWidgets.entitlements; sourceTree = "<group>"; };
		1456110BEF73F3079C3F89FC /* IncludedPaidAboutSettings.swift */ = {isa = PBXFileReference; lastKnownFileType = sourcecode.swift; path = IncludedPaidAboutSettings.swift; sourceTree = "<group>"; };
		15C1EF0A9B19808A8E3EC81E /* BackgroundRefresh.swift */ = {isa = PBXFileReference; lastKnownFileType = sourcecode.swift; path = BackgroundRefresh.swift; sourceTree = "<group>"; };
		1B082DCF3205CD73BE4DEBE7 /* PrivacyInfo.xcprivacy */ = {isa = PBXFileReference; path = PrivacyInfo.xcprivacy; sourceTree = "<group>"; };
		1FDF674D798E974D4617B12D /* AIMeteriOSApp.swift */ = {isa = PBXFileReference; lastKnownFileType = sourcecode.swift; path = AIMeteriOSApp.swift; sourceTree = "<group>"; };
		257EFB2A8271795F824DEF1B /* PrivacyInfo.xcprivacy */ = {isa = PBXFileReference; path = PrivacyInfo.xcprivacy; sourceTree = "<group>"; };
		26CED586AFE92A28214C6B06 /* GeneralSettingsView.swift */ = {isa = PBXFileReference; lastKnownFileType = sourcecode.swift; path = GeneralSettingsView.swift; sourceTree = "<group>"; };
		2DD9C953D1E0BF3360E1D666 /* AIMeterWatchApp.swift */ = {isa = PBXFileReference; lastKnownFileType = sourcecode.swift; path = AIMeterWatchApp.swift; sourceTree = "<group>"; };
		341E4F22889BCB4B3DC7ECC1 /* AIMeterWidgets.appex */ = {isa = PBXFileReference; explicitFileType = "wrapper.app-extension"; includeInIndex = 0; path = AIMeterWidgets.appex; sourceTree = BUILT_PRODUCTS_DIR; };
		354D045F087E27160D7F8123 /* PhoneSettingsView.swift */ = {isa = PBXFileReference; lastKnownFileType = sourcecode.swift; path = PhoneSettingsView.swift; sourceTree = "<group>"; };
		3556BD63C6FD41405C06E8D4 /* WatchSessionBridge.swift */ = {isa = PBXFileReference; lastKnownFileType = sourcecode.swift; path = WatchSessionBridge.swift; sourceTree = "<group>"; };
		3A27C1B6423A4ED2041174DE /* AppActivation.swift */ = {isa = PBXFileReference; lastKnownFileType = sourcecode.swift; path = AppActivation.swift; sourceTree = "<group>"; };
		3C7249493E46A5C9054A8794 /* AIMeterWidgets.swift */ = {isa = PBXFileReference; lastKnownFileType = sourcecode.swift; path = AIMeterWidgets.swift; sourceTree = "<group>"; };
		4CCA4666EE82EC9F70F928F6 /* AuthenticationSettingsView.swift */ = {isa = PBXFileReference; lastKnownFileType = sourcecode.swift; path = AuthenticationSettingsView.swift; sourceTree = "<group>"; };
		5223BB27279503FF18BFD417 /* RootTabView.swift */ = {isa = PBXFileReference; lastKnownFileType = sourcecode.swift; path = RootTabView.swift; sourceTree = "<group>"; };
		5AC210DA9732F3ACFD46D2A7 /* CycleSpendChart.swift */ = {isa = PBXFileReference; lastKnownFileType = sourcecode.swift; path = CycleSpendChart.swift; sourceTree = "<group>"; };
		5B5192E96420300FA87B812B /* LoginWebView.swift */ = {isa = PBXFileReference; lastKnownFileType = sourcecode.swift; path = LoginWebView.swift; sourceTree = "<group>"; };
		5D3383E6B8B045F83EF0EBD1 /* AccountsView.swift */ = {isa = PBXFileReference; lastKnownFileType = sourcecode.swift; path = AccountsView.swift; sourceTree = "<group>"; };
		5D96DE1FA2AE1FB26BF85A78 /* SettingsOpenLink.swift */ = {isa = PBXFileReference; lastKnownFileType = sourcecode.swift; path = SettingsOpenLink.swift; sourceTree = "<group>"; };
		62EEC10533BB397BB0C1D0FC /* UsageProgressBar.swift */ = {isa = PBXFileReference; lastKnownFileType = sourcecode.swift; path = UsageProgressBar.swift; sourceTree = "<group>"; };
		68B7CC0A828B16C2DEB9C7A1 /* AIMeter.entitlements */ = {isa = PBXFileReference; lastKnownFileType = text.plist.entitlements; path = AIMeter.entitlements; sourceTree = "<group>"; };
		6B1EEB0ADD4ECE5BEFBCF978 /* Assets.xcassets */ = {isa = PBXFileReference; lastKnownFileType = folder.assetcatalog; path = Assets.xcassets; sourceTree = "<group>"; };
		6C2638ABAD0D7EC663F57016 /* MenuBarLabelView.swift */ = {isa = PBXFileReference; lastKnownFileType = sourcecode.swift; path = MenuBarLabelView.swift; sourceTree = "<group>"; };
		6DB4FA9B6B17159CDBFB71B3 /* PrivacyInfo.xcprivacy */ = {isa = PBXFileReference; path = PrivacyInfo.xcprivacy; sourceTree = "<group>"; };
		6E19744A17745DD0BEA721EA /* Assets.xcassets */ = {isa = PBXFileReference; lastKnownFileType = folder.assetcatalog; path = Assets.xcassets; sourceTree = "<group>"; };
		750A6F1BAB775E9ED9D6DE01 /* AIMeteriOS.entitlements */ = {isa = PBXFileReference; lastKnownFileType = text.plist.entitlements; path = AIMeteriOS.entitlements; sourceTree = "<group>"; };
		767FDFADCE92928E5093F315 /* StatusItemController.swift */ = {isa = PBXFileReference; lastKnownFileType = sourcecode.swift; path = StatusItemController.swift; sourceTree = "<group>"; };
		7BDEBA04112B17F56857DB05 /* Assets.xcassets */ = {isa = PBXFileReference; lastKnownFileType = folder.assetcatalog; path = Assets.xcassets; sourceTree = "<group>"; };
		803A59935476DF447FF46A66 /* UsageExportPanel.swift */ = {isa = PBXFileReference; lastKnownFileType = sourcecode.swift; path = UsageExportPanel.swift; sourceTree = "<group>"; };
		83633A9BFD2831055CBDCFC8 /* ThemeSettingsView.swift */ = {isa = PBXFileReference; lastKnownFileType = sourcecode.swift; path = ThemeSettingsView.swift; sourceTree = "<group>"; };
		872068A4034224EE60EF6AC3 /* AIMeterWatchWidgets.swift */ = {isa = PBXFileReference; lastKnownFileType = sourcecode.swift; path = AIMeterWatchWidgets.swift; sourceTree = "<group>"; };
		8A20DD7643E1F0B03F44DFA8 /* AppAbout.swift */ = {isa = PBXFileReference; lastKnownFileType = sourcecode.swift; path = AppAbout.swift; sourceTree = "<group>"; };
		9103D2E7706D855FFE48BF6E /* MenuBarPopoverView.swift */ = {isa = PBXFileReference; lastKnownFileType = sourcecode.swift; path = MenuBarPopoverView.swift; sourceTree = "<group>"; };
		948C31689433DBE76F95DB0D /* AppTheme.swift */ = {isa = PBXFileReference; lastKnownFileType = sourcecode.swift; path = AppTheme.swift; sourceTree = "<group>"; };
		9D060B83AB4A974FFE75CD0D /* AIMeterWatch.entitlements */ = {isa = PBXFileReference; lastKnownFileType = text.plist.entitlements; path = AIMeterWatch.entitlements; sourceTree = "<group>"; };
		A9BCBB6E898E92F1AF59A7F6 /* Info.plist */ = {isa = PBXFileReference; lastKnownFileType = text.plist; path = Info.plist; sourceTree = "<group>"; };
		A9DCE6A36F621C08C9C8C7EC /* Info.plist */ = {isa = PBXFileReference; lastKnownFileType = text.plist; path = Info.plist; sourceTree = "<group>"; };
		AD3E6C9568301DCB7CFAF4ED /* LayoutSettingsView.swift */ = {isa = PBXFileReference; lastKnownFileType = sourcecode.swift; path = LayoutSettingsView.swift; sourceTree = "<group>"; };
		B045B92220333802077CE0B8 /* Info.plist */ = {isa = PBXFileReference; lastKnownFileType = text.plist; path = Info.plist; sourceTree = "<group>"; };
		B1421B6CB05574E02990F7B6 /* Assets.xcassets */ = {isa = PBXFileReference; lastKnownFileType = folder.assetcatalog; path = Assets.xcassets; sourceTree = "<group>"; };
		B2BB3E26B57F0380511FC8C9 /* AIMeterWidgets.entitlements */ = {isa = PBXFileReference; lastKnownFileType = text.plist.entitlements; path = AIMeterWidgets.entitlements; sourceTree = "<group>"; };
		B507CCE324BE60CC26E8D0D6 /* WidgetReload.swift */ = {isa = PBXFileReference; lastKnownFileType = sourcecode.swift; path = WidgetReload.swift; sourceTree = "<group>"; };
		B6BA471CD0BC79EB447309B0 /* AppLogo.swift */ = {isa = PBXFileReference; lastKnownFileType = sourcecode.swift; path = AppLogo.swift; sourceTree = "<group>"; };
		B7E83DCA27C6CECE3F3FC7B9 /* SettingsRootView.swift */ = {isa = PBXFileReference; lastKnownFileType = sourcecode.swift; path = SettingsRootView.swift; sourceTree = "<group>"; };
		B8A651CA1321E6AC848C2316 /* WatchOverviewView.swift */ = {isa = PBXFileReference; lastKnownFileType = sourcecode.swift; path = WatchOverviewView.swift; sourceTree = "<group>"; };
		B9F843C6FD3B5D1330F2ED1F /* UsageUIComponents.swift */ = {isa = PBXFileReference; lastKnownFileType = sourcecode.swift; path = UsageUIComponents.swift; sourceTree = "<group>"; };
		BD23017F5B3D54FFC6D6D0EB /* PhoneSettingsPages.swift */ = {isa = PBXFileReference; lastKnownFileType = sourcecode.swift; path = PhoneSettingsPages.swift; sourceTree = "<group>"; };
		C1ACFF6D35C07AC736E05668 /* Info.plist */ = {isa = PBXFileReference; lastKnownFileType = text.plist; path = Info.plist; sourceTree = "<group>"; };
		C80C34FDEF0972576972DAEF /* AppInstall.swift */ = {isa = PBXFileReference; lastKnownFileType = sourcecode.swift; path = AppInstall.swift; sourceTree = "<group>"; };
		CAB96960CDE22E1A134E627B /* PhoneAccountPager.swift */ = {isa = PBXFileReference; lastKnownFileType = sourcecode.swift; path = PhoneAccountPager.swift; sourceTree = "<group>"; };
		D464B97526A34BA33D75904D /* OverviewView.swift */ = {isa = PBXFileReference; lastKnownFileType = sourcecode.swift; path = OverviewView.swift; sourceTree = "<group>"; };
		D6D3E6CF4EF27F58F6D7934A /* AccessibilitySettingsView.swift */ = {isa = PBXFileReference; lastKnownFileType = sourcecode.swift; path = AccessibilitySettingsView.swift; sourceTree = "<group>"; };
		DB3EB94E7CE06AD3E0658827 /* AIMeterWatchWidgets.appex */ = {isa = PBXFileReference; explicitFileType = "wrapper.app-extension"; includeInIndex = 0; path = AIMeterWatchWidgets.appex; sourceTree = BUILT_PRODUCTS_DIR; };
		DB8C0BF23307D51ED65AF6C0 /* WidgetKit.framework */ = {isa = PBXFileReference; lastKnownFileType = wrapper.framework; name = WidgetKit.framework; path = System/Library/Frameworks/WidgetKit.framework; sourceTree = SDKROOT; };
		DCCE03C63274F395695294F1 /* AIMeterCore */ = {isa = PBXFileReference; lastKnownFileType = folder; name = AIMeterCore; path = Packages/AIMeterCore; sourceTree = SOURCE_ROOT; };
		DD26B89C7E9BA6AC6671E2A1 /* AIMeteriOS.app */ = {isa = PBXFileReference; includeInIndex = 0; lastKnownFileType = wrapper.application; path = AIMeteriOS.app; sourceTree = BUILT_PRODUCTS_DIR; };
		E52DF7B14350AD6A849B45AB /* AIMeteriOSWidgets.appex */ = {isa = PBXFileReference; includeInIndex = 0; lastKnownFileType = "wrapper.app-extension"; path = AIMeteriOSWidgets.appex; sourceTree = BUILT_PRODUCTS_DIR; };
		EA0FBEEF4287E9B00C7B6CB2 /* WatchConnectivity.framework */ = {isa = PBXFileReference; lastKnownFileType = wrapper.framework; name = WatchConnectivity.framework; path = System/Library/Frameworks/WatchConnectivity.framework; sourceTree = SDKROOT; };
		EE89107E326FE924787E9513 /* AIMeterApp.swift */ = {isa = PBXFileReference; lastKnownFileType = sourcecode.swift; path = AIMeterApp.swift; sourceTree = "<group>"; };
		F5E5AF64A566E2D72A41FAC9 /* PhoneWatchBridge.swift */ = {isa = PBXFileReference; lastKnownFileType = sourcecode.swift; path = PhoneWatchBridge.swift; sourceTree = "<group>"; };
		F69D4291A319752DA5194F06 /* AIMeteriOSWidgets.entitlements */ = {isa = PBXFileReference; lastKnownFileType = text.plist.entitlements; path = AIMeteriOSWidgets.entitlements; sourceTree = "<group>"; };
		FE73A1851218DA4462AA95A8 /* AIMeter.app */ = {isa = PBXFileReference; explicitFileType = wrapper.application; includeInIndex = 0; path = AIMeter.app; sourceTree = BUILT_PRODUCTS_DIR; };
/* End PBXFileReference section */

/* Begin PBXFrameworksBuildPhase section */
		1CCE44824EFB3D961D7DC703 /* Frameworks */ = {
			isa = PBXFrameworksBuildPhase;
			buildActionMask = 2147483647;
			files = (
				EEF29D88993D50E05FD5CAD3 /* AIMeterCore in Frameworks */,
			);
			runOnlyForDeploymentPostprocessing = 0;
		};
		44E2C3756D2CB1FB283CDA89 /* Frameworks */ = {
			isa = PBXFrameworksBuildPhase;
			buildActionMask = 2147483647;
			files = (
				9558CDDBF1139BD357323AE6 /* AIMeterCore in Frameworks */,
				D14350E45B6731CC58D0A0E7 /* Sparkle in Frameworks */,
				D9247407D6F4E9B05C05384A /* WidgetKit.framework in Frameworks */,
			);
			runOnlyForDeploymentPostprocessing = 0;
		};
		6C1E612B0F544CAE1413B34F /* Frameworks */ = {
			isa = PBXFrameworksBuildPhase;
			buildActionMask = 2147483647;
			files = (
				E225EF788DC0271A93393FE8 /* AIMeterCore in Frameworks */,
				78FD3A627D0B8D9926C68398 /* WidgetKit.framework in Frameworks */,
				AE84DB7371356BCC3C8F0C71 /* WatchConnectivity.framework in Frameworks */,
			);
			runOnlyForDeploymentPostprocessing = 0;
		};
		889111F6C454A242204E9D26 /* Frameworks */ = {
			isa = PBXFrameworksBuildPhase;
			buildActionMask = 2147483647;
			files = (
				44B9BD5879C9819C6CF6EB8F /* AIMeterCore in Frameworks */,
			);
			runOnlyForDeploymentPostprocessing = 0;
		};
		E89F84CCD4D23CDED2620619 /* Frameworks */ = {
			isa = PBXFrameworksBuildPhase;
			buildActionMask = 2147483647;
			files = (
				3D06A2B226D0FD9F425EC88A /* AIMeterCore in Frameworks */,
			);
			runOnlyForDeploymentPostprocessing = 0;
		};
		F3848B238AF1B186F1603809 /* Frameworks */ = {
			isa = PBXFrameworksBuildPhase;
			buildActionMask = 2147483647;
			files = (
				222ECAA1FB9DE9D5790D4A21 /* AIMeterCore in Frameworks */,
				32BCC39824070416D4F91348 /* WidgetKit.framework in Frameworks */,
				5431645CC6D4BD22E01E77AE /* WatchConnectivity.framework in Frameworks */,
			);
			runOnlyForDeploymentPostprocessing = 0;
		};
/* End PBXFrameworksBuildPhase section */

/* Begin PBXGroup section */
		11F6769ED7B60E79555D7692 /* AIMeterWidgets */ = {
			isa = PBXGroup;
			children = (
				B2BB3E26B57F0380511FC8C9 /* AIMeterWidgets.entitlements */,
				3C7249493E46A5C9054A8794 /* AIMeterWidgets.swift */,
				C1ACFF6D35C07AC736E05668 /* Info.plist */,
			);
			path = AIMeterWidgets;
			sourceTree = "<group>";
		};
		25BE981F93BA0F1EE5B90833 /* watchOS */ = {
			isa = PBXGroup;
			children = (
				11FC10295B1ECCA7631E1965 /* AIMeterWatchWidgets.entitlements */,
				872068A4034224EE60EF6AC3 /* AIMeterWatchWidgets.swift */,
				7BDEBA04112B17F56857DB05 /* Assets.xcassets */,
				B045B92220333802077CE0B8 /* Info.plist */,
				6DB4FA9B6B17159CDBFB71B3 /* PrivacyInfo.xcprivacy */,
			);
			path = watchOS;
			sourceTree = "<group>";
		};
		373E2B74999A309B5C4C291C /* Apps */ = {
			isa = PBXGroup;
			children = (
				E08CE85288FC2B8F18C6E793 /* iOS */,
				59CE223C07AB0AB7C14565F4 /* macOS */,
				451169D896EF9D5C8330862D /* Shared */,
				802E437741D8E55F7C4DDBB9 /* watchOS */,
			);
			path = Apps;
			sourceTree = "<group>";
		};
		3A0C0389BBE9B479D7C39C5B /* Products */ = {
			isa = PBXGroup;
			children = (
				FE73A1851218DA4462AA95A8 /* AIMeter.app */,
				DD26B89C7E9BA6AC6671E2A1 /* AIMeteriOS.app */,
				E52DF7B14350AD6A849B45AB /* AIMeteriOSWidgets.appex */,
				0FCC7FC12DBB1A85E7847C86 /* AIMeterWatch.app */,
				DB3EB94E7CE06AD3E0658827 /* AIMeterWatchWidgets.appex */,
				341E4F22889BCB4B3DC7ECC1 /* AIMeterWidgets.appex */,
			);
			name = Products;
			sourceTree = "<group>";
		};
		451169D896EF9D5C8330862D /* Shared */ = {
			isa = PBXGroup;
			children = (
				8A20DD7643E1F0B03F44DFA8 /* AppAbout.swift */,
				B6BA471CD0BC79EB447309B0 /* AppLogo.swift */,
				948C31689433DBE76F95DB0D /* AppTheme.swift */,
				6B1EEB0ADD4ECE5BEFBCF978 /* Assets.xcassets */,
				5AC210DA9732F3ACFD46D2A7 /* CycleSpendChart.swift */,
				62EEC10533BB397BB0C1D0FC /* UsageProgressBar.swift */,
				B507CCE324BE60CC26E8D0D6 /* WidgetReload.swift */,
			);
			path = Shared;
			sourceTree = "<group>";
		};
		59CE223C07AB0AB7C14565F4 /* macOS */ = {
			isa = PBXGroup;
			children = (
				B65A4819B1C851B1A5DEAA1B /* AIMeter */,
			);
			path = macOS;
			sourceTree = "<group>";
		};
		59E47D4EACF3EFD9FBF9A0A3 /* AIMeteriOS */ = {
			isa = PBXGroup;
			children = (
				5D3383E6B8B045F83EF0EBD1 /* AccountsView.swift */,
				750A6F1BAB775E9ED9D6DE01 /* AIMeteriOS.entitlements */,
				1FDF674D798E974D4617B12D /* AIMeteriOSApp.swift */,
				6E19744A17745DD0BEA721EA /* Assets.xcassets */,
				15C1EF0A9B19808A8E3EC81E /* BackgroundRefresh.swift */,
				A9BCBB6E898E92F1AF59A7F6 /* Info.plist */,
				5B5192E96420300FA87B812B /* LoginWebView.swift */,
				D464B97526A34BA33D75904D /* OverviewView.swift */,
				CAB96960CDE22E1A134E627B /* PhoneAccountPager.swift */,
				BD23017F5B3D54FFC6D6D0EB /* PhoneSettingsPages.swift */,
				354D045F087E27160D7F8123 /* PhoneSettingsView.swift */,
				F5E5AF64A566E2D72A41FAC9 /* PhoneWatchBridge.swift */,
				1B082DCF3205CD73BE4DEBE7 /* PrivacyInfo.xcprivacy */,
				5223BB27279503FF18BFD417 /* RootTabView.swift */,
			);
			path = AIMeteriOS;
			sourceTree = "<group>";
		};
		6BA9FA428F6CE28CCADE8B16 = {
			isa = PBXGroup;
			children = (
				373E2B74999A309B5C4C291C /* Apps */,
				E32C105C088EB364C0664CF0 /* Packages */,
				A543176FF8962C7BBC6458B2 /* Widgets */,
				7DD9385B77AE82B08E291287 /* Frameworks */,
				3A0C0389BBE9B479D7C39C5B /* Products */,
			);
			sourceTree = "<group>";
		};
		72593BE95A0C6487074473AB /* iOS */ = {
			isa = PBXGroup;
			children = (
				F69D4291A319752DA5194F06 /* AIMeteriOSWidgets.entitlements */,
				257EFB2A8271795F824DEF1B /* PrivacyInfo.xcprivacy */,
			);
			path = iOS;
			sourceTree = "<group>";
		};
		7DD9385B77AE82B08E291287 /* Frameworks */ = {
			isa = PBXGroup;
			children = (
				EA0FBEEF4287E9B00C7B6CB2 /* WatchConnectivity.framework */,
				DB8C0BF23307D51ED65AF6C0 /* WidgetKit.framework */,
			);
			name = Frameworks;
			sourceTree = "<group>";
		};
		7F3B35D8E1DC85C2B0C135C3 /* Settings */ = {
			isa = PBXGroup;
			children = (
				D6D3E6CF4EF27F58F6D7934A /* AccessibilitySettingsView.swift */,
				4CCA4666EE82EC9F70F928F6 /* AuthenticationSettingsView.swift */,
				26CED586AFE92A28214C6B06 /* GeneralSettingsView.swift */,
				1456110BEF73F3079C3F89FC /* IncludedPaidAboutSettings.swift */,
				AD3E6C9568301DCB7CFAF4ED /* LayoutSettingsView.swift */,
				B7E83DCA27C6CECE3F3FC7B9 /* SettingsRootView.swift */,
				83633A9BFD2831055CBDCFC8 /* ThemeSettingsView.swift */,
			);
			path = Settings;
			sourceTree = "<group>";
		};
		802E437741D8E55F7C4DDBB9 /* watchOS */ = {
			isa = PBXGroup;
			children = (
				83E686867E70539003B258F5 /* AIMeterWatch */,
			);
			path = watchOS;
			sourceTree = "<group>";
		};
		83E686867E70539003B258F5 /* AIMeterWatch */ = {
			isa = PBXGroup;
			children = (
				9D060B83AB4A974FFE75CD0D /* AIMeterWatch.entitlements */,
				2DD9C953D1E0BF3360E1D666 /* AIMeterWatchApp.swift */,
				B1421B6CB05574E02990F7B6 /* Assets.xcassets */,
				11A564A7E7B2F48740184610 /* Info.plist */,
				041105927FDF963B6EC429AF /* PrivacyInfo.xcprivacy */,
				B8A651CA1321E6AC848C2316 /* WatchOverviewView.swift */,
				3556BD63C6FD41405C06E8D4 /* WatchSessionBridge.swift */,
			);
			path = AIMeterWatch;
			sourceTree = "<group>";
		};
		A543176FF8962C7BBC6458B2 /* Widgets */ = {
			isa = PBXGroup;
			children = (
				11F6769ED7B60E79555D7692 /* AIMeterWidgets */,
				72593BE95A0C6487074473AB /* iOS */,
				25BE981F93BA0F1EE5B90833 /* watchOS */,
			);
			path = Widgets;
			sourceTree = "<group>";
		};
		B65A4819B1C851B1A5DEAA1B /* AIMeter */ = {
			isa = PBXGroup;
			children = (
				68B7CC0A828B16C2DEB9C7A1 /* AIMeter.entitlements */,
				EE89107E326FE924787E9513 /* AIMeterApp.swift */,
				3A27C1B6423A4ED2041174DE /* AppActivation.swift */,
				C80C34FDEF0972576972DAEF /* AppInstall.swift */,
				A9DCE6A36F621C08C9C8C7EC /* Info.plist */,
				767FDFADCE92928E5093F315 /* StatusItemController.swift */,
				803A59935476DF447FF46A66 /* UsageExportPanel.swift */,
				7F3B35D8E1DC85C2B0C135C3 /* Settings */,
				CBD3A0293D1D60711C8990F9 /* Views */,
			);
			path = AIMeter;
			sourceTree = "<group>";
		};
		CBD3A0293D1D60711C8990F9 /* Views */ = {
			isa = PBXGroup;
			children = (
				6C2638ABAD0D7EC663F57016 /* MenuBarLabelView.swift */,
				9103D2E7706D855FFE48BF6E /* MenuBarPopoverView.swift */,
				5D96DE1FA2AE1FB26BF85A78 /* SettingsOpenLink.swift */,
				B9F843C6FD3B5D1330F2ED1F /* UsageUIComponents.swift */,
			);
			path = Views;
			sourceTree = "<group>";
		};
		E08CE85288FC2B8F18C6E793 /* iOS */ = {
			isa = PBXGroup;
			children = (
				59E47D4EACF3EFD9FBF9A0A3 /* AIMeteriOS */,
			);
			path = iOS;
			sourceTree = "<group>";
		};
		E32C105C088EB364C0664CF0 /* Packages */ = {
			isa = PBXGroup;
			children = (
				DCCE03C63274F395695294F1 /* AIMeterCore */,
			);
			path = Packages;
			sourceTree = "<group>";
		};
/* End PBXGroup section */

/* Begin PBXNativeTarget section */
		446C9F37F517094422C96BF0 /* AIMeteriOS */ = {
			isa = PBXNativeTarget;
			buildConfigurationList = 9E8FFA281FF651BFB188BA9F /* Build configuration list for PBXNativeTarget "AIMeteriOS" */;
			buildPhases = (
				10CF86318C30B4DF1346937D /* Sources */,
				B17D4EF9B77C51ACF846BF37 /* Resources */,
				6C1E612B0F544CAE1413B34F /* Frameworks */,
				6FAC5672D2E2D365D7F27DEE /* Embed Foundation Extensions */,
				D5DCD25E5216D8366324C898 /* Embed Watch Content */,
			);
			buildRules = (
			);
			dependencies = (
				74EEF21923B0A2F08AE459A4 /* PBXTargetDependency */,
				0EA18F34109DFCF0AE4D38F6 /* PBXTargetDependency */,
			);
			name = AIMeteriOS;
			packageProductDependencies = (
				F65517D5DDE9E2607FD7FF1E /* AIMeterCore */,
			);
			productName = AIMeteriOS;
			productReference = DD26B89C7E9BA6AC6671E2A1 /* AIMeteriOS.app */;
			productType = "com.apple.product-type.application";
		};
		8902107AB14CDC4119A4D056 /* AIMeterWidgets */ = {
			isa = PBXNativeTarget;
			buildConfigurationList = 7A6C5D0B16C28894893C8CC9 /* Build configuration list for PBXNativeTarget "AIMeterWidgets" */;
			buildPhases = (
				1A37D2B06DA031DDE000BA65 /* Sources */,
				F8D22D49B9E2C7CCD5F96AFF /* Resources */,
				E89F84CCD4D23CDED2620619 /* Frameworks */,
			);
			buildRules = (
			);
			dependencies = (
			);
			name = AIMeterWidgets;
			packageProductDependencies = (
				56F0512A6C8447B78D569A0C /* AIMeterCore */,
			);
			productName = AIMeterWidgets;
			productReference = 341E4F22889BCB4B3DC7ECC1 /* AIMeterWidgets.appex */;
			productType = "com.apple.product-type.app-extension";
		};
		A8AEC0712C3023E0271D4BA8 /* AIMeterWatchWidgets */ = {
			isa = PBXNativeTarget;
			buildConfigurationList = 50F360109FFAF9D2D3B904EB /* Build configuration list for PBXNativeTarget "AIMeterWatchWidgets" */;
			buildPhases = (
				27F831535EF9D33909C32377 /* Sources */,
				3BF2E7CA2F541A7DE5D5A6D5 /* Resources */,
				1CCE44824EFB3D961D7DC703 /* Frameworks */,
			);
			buildRules = (
			);
			dependencies = (
			);
			name = AIMeterWatchWidgets;
			packageProductDependencies = (
				67AD2003BE5EA2E9FAA007D1 /* AIMeterCore */,
			);
			productName = AIMeterWatchWidgets;
			productReference = DB3EB94E7CE06AD3E0658827 /* AIMeterWatchWidgets.appex */;
			productType = "com.apple.product-type.app-extension";
		};
		A92723C49AEADF802953D655 /* AIMeter */ = {
			isa = PBXNativeTarget;
			buildConfigurationList = 4F3AF1FF0CFC41DD3782D5B1 /* Build configuration list for PBXNativeTarget "AIMeter" */;
			buildPhases = (
				33E261B447AC368785292220 /* Sources */,
				27B281B06E71B734FEA856DD /* Resources */,
				44E2C3756D2CB1FB283CDA89 /* Frameworks */,
				F4831D07768267A67F86FEF2 /* Embed Foundation Extensions */,
			);
			buildRules = (
			);
			dependencies = (
				178C7E828B190A8E64836BCF /* PBXTargetDependency */,
			);
			name = AIMeter;
			packageProductDependencies = (
				FCE0358F1DBD0E0E21745874 /* AIMeterCore */,
				2D973033E752AB9B14EEDD8C /* Sparkle */,
			);
			productName = AIMeter;
			productReference = FE73A1851218DA4462AA95A8 /* AIMeter.app */;
			productType = "com.apple.product-type.application";
		};
		B53219F1684AE065007A8509 /* AIMeterWatch */ = {
			isa = PBXNativeTarget;
			buildConfigurationList = 071B89477BD8161CCF6C010B /* Build configuration list for PBXNativeTarget "AIMeterWatch" */;
			buildPhases = (
				65DA46515233B5CDFA7533F6 /* Sources */,
				EA0B14CC8FFD6D33EDBA2589 /* Resources */,
				F3848B238AF1B186F1603809 /* Frameworks */,
				B2CED124B2EE6B5402BCB48A /* Embed Foundation Extensions */,
			);
			buildRules = (
			);
			dependencies = (
				117CDEBCB55B5148D358F4C5 /* PBXTargetDependency */,
			);
			name = AIMeterWatch;
			packageProductDependencies = (
				898F86D4E3561DCA66DE66C0 /* AIMeterCore */,
			);
			productName = AIMeterWatch;
			productReference = 0FCC7FC12DBB1A85E7847C86 /* AIMeterWatch.app */;
			productType = "com.apple.product-type.application";
		};
		E5237823E9034ED5697EB313 /* AIMeteriOSWidgets */ = {
			isa = PBXNativeTarget;
			buildConfigurationList = 2013B684E9BFB9AC4197E653 /* Build configuration list for PBXNativeTarget "AIMeteriOSWidgets" */;
			buildPhases = (
				B20050ABD4A6510A54A49443 /* Sources */,
				87E5409A6A5EB2140B731F9E /* Resources */,
				889111F6C454A242204E9D26 /* Frameworks */,
			);
			buildRules = (
			);
			dependencies = (
			);
			name = AIMeteriOSWidgets;
			packageProductDependencies = (
				BA69FFD0BDD37A99CE9845DF /* AIMeterCore */,
			);
			productName = AIMeteriOSWidgets;
			productReference = E52DF7B14350AD6A849B45AB /* AIMeteriOSWidgets.appex */;
			productType = "com.apple.product-type.app-extension";
		};
/* End PBXNativeTarget section */

/* Begin PBXProject section */
		352CF428D2FD5BDA474D3321 /* Project object */ = {
			isa = PBXProject;
			attributes = {
				BuildIndependentTargetsInParallel = YES;
				LastUpgradeCheck = 1600;
				TargetAttributes = {
					446C9F37F517094422C96BF0 = {
						DevelopmentTeam = 6998422DKP;
						ProvisioningStyle = Automatic;
					};
					8902107AB14CDC4119A4D056 = {
						DevelopmentTeam = 6998422DKP;
						ProvisioningStyle = Automatic;
					};
					A8AEC0712C3023E0271D4BA8 = {
						DevelopmentTeam = 6998422DKP;
						ProvisioningStyle = Automatic;
					};
					A92723C49AEADF802953D655 = {
						DevelopmentTeam = 6998422DKP;
						ProvisioningStyle = Automatic;
					};
					B53219F1684AE065007A8509 = {
						DevelopmentTeam = 6998422DKP;
						ProvisioningStyle = Automatic;
					};
					E5237823E9034ED5697EB313 = {
						DevelopmentTeam = 6998422DKP;
						ProvisioningStyle = Automatic;
					};
				};
			};
			buildConfigurationList = 6D9270003785FFBF5E6DA9CA /* Build configuration list for PBXProject "AIMeter" */;
			developmentRegion = en;
			hasScannedForEncodings = 0;
			knownRegions = (
				Base,
				en,
			);
			mainGroup = 6BA9FA428F6CE28CCADE8B16;
			minimizedProjectReferenceProxies = 1;
			packageReferences = (
				618454AA413E77CE568B4AFE /* XCRemoteSwiftPackageReference "Sparkle" */,
				2141F5BA2E9DFFA0B9A59B9F /* XCLocalSwiftPackageReference "Packages/AIMeterCore" */,
			);
			preferredProjectObjectVersion = 77;
			productRefGroup = 3A0C0389BBE9B479D7C39C5B /* Products */;
			projectDirPath = "";
			projectRoot = "";
			targets = (
				A92723C49AEADF802953D655 /* AIMeter */,
				8902107AB14CDC4119A4D056 /* AIMeterWidgets */,
				446C9F37F517094422C96BF0 /* AIMeteriOS */,
				E5237823E9034ED5697EB313 /* AIMeteriOSWidgets */,
				B53219F1684AE065007A8509 /* AIMeterWatch */,
				A8AEC0712C3023E0271D4BA8 /* AIMeterWatchWidgets */,
			);
		};
/* End PBXProject section */

/* Begin PBXResourcesBuildPhase section */
		27B281B06E71B734FEA856DD /* Resources */ = {
			isa = PBXResourcesBuildPhase;
			buildActionMask = 2147483647;
			files = (
				65181A745884F12CAA8FE86D /* Assets.xcassets in Resources */,
			);
			runOnlyForDeploymentPostprocessing = 0;
		};
		3BF2E7CA2F541A7DE5D5A6D5 /* Resources */ = {
			isa = PBXResourcesBuildPhase;
			buildActionMask = 2147483647;
			files = (
				3B77BFAF702D981D386BA1DB /* Assets.xcassets in Resources */,
				8990C5139D16549B562096B8 /* PrivacyInfo.xcprivacy in Resources */,
			);
			runOnlyForDeploymentPostprocessing = 0;
		};
		87E5409A6A5EB2140B731F9E /* Resources */ = {
			isa = PBXResourcesBuildPhase;
			buildActionMask = 2147483647;
			files = (
				4E8C588F5165490704C5C7ED /* Assets.xcassets in Resources */,
				23E221C042FE7EA7AAAD9E97 /* PrivacyInfo.xcprivacy in Resources */,
			);
			runOnlyForDeploymentPostprocessing = 0;
		};
		B17D4EF9B77C51ACF846BF37 /* Resources */ = {
			isa = PBXResourcesBuildPhase;
			buildActionMask = 2147483647;
			files = (
				ABD9C595282F61AE54B8C4E1 /* Assets.xcassets in Resources */,
				AD3738F265996FA92A332157 /* Assets.xcassets in Resources */,
				FE7376F6CDF45F8A3364B2A8 /* PrivacyInfo.xcprivacy in Resources */,
			);
			runOnlyForDeploymentPostprocessing = 0;
		};
		EA0B14CC8FFD6D33EDBA2589 /* Resources */ = {
			isa = PBXResourcesBuildPhase;
			buildActionMask = 2147483647;
			files = (
				E741D8FC9FF74D03C602924A /* Assets.xcassets in Resources */,
				B55DA86C142551C977D6AEF0 /* Assets.xcassets in Resources */,
				3813F92CF82184CC67013112 /* PrivacyInfo.xcprivacy in Resources */,
			);
			runOnlyForDeploymentPostprocessing = 0;
		};
		F8D22D49B9E2C7CCD5F96AFF /* Resources */ = {
			isa = PBXResourcesBuildPhase;
			buildActionMask = 2147483647;
			files = (
				F7C2649689C05587B9048869 /* Assets.xcassets in Resources */,
			);
			runOnlyForDeploymentPostprocessing = 0;
		};
/* End PBXResourcesBuildPhase section */

/* Begin PBXSourcesBuildPhase section */
		10CF86318C30B4DF1346937D /* Sources */ = {
			isa = PBXSourcesBuildPhase;
			buildActionMask = 2147483647;
			files = (
				130B4BB1F42C6E4B25F87004 /* AIMeteriOSApp.swift in Sources */,
				2250D1435FC412BEA06BFB29 /* AccountsView.swift in Sources */,
				06F87BCDFA97406A58913743 /* AppAbout.swift in Sources */,
				1C53A14B84E506DE83B54BCC /* AppLogo.swift in Sources */,
				A5BB7CDADE20B97B02C180C6 /* AppTheme.swift in Sources */,
				AEC5DCDD91365283A6AD60C3 /* BackgroundRefresh.swift in Sources */,
				DB78EC2E83A1BC0B1253BB60 /* CycleSpendChart.swift in Sources */,
				2EE75F4F66F52E0F9A218244 /* LoginWebView.swift in Sources */,
				23A82A3887234983CC1F2BC2 /* OverviewView.swift in Sources */,
				1E679AE188376C519E57EBB1 /* PhoneAccountPager.swift in Sources */,
				77EA69F7BA6272942E969932 /* PhoneSettingsPages.swift in Sources */,
				CF4D4F57A675BFED62578DF5 /* PhoneSettingsView.swift in Sources */,
				06BA4E44C3145E8D2DA5C3A2 /* PhoneWatchBridge.swift in Sources */,
				B1E21B395DFFC0AB2EE7099F /* RootTabView.swift in Sources */,
				630783F957E52BE4FADF40A5 /* UsageProgressBar.swift in Sources */,
				B51D93447326EA459AC26458 /* WidgetReload.swift in Sources */,
			);
			runOnlyForDeploymentPostprocessing = 0;
		};
		1A37D2B06DA031DDE000BA65 /* Sources */ = {
			isa = PBXSourcesBuildPhase;
			buildActionMask = 2147483647;
			files = (
				88B66D41416CE0AADAE14FC3 /* AIMeterWidgets.swift in Sources */,
				1E29A9BF222BC59F0A87C8FA /* AppAbout.swift in Sources */,
				FFD913F6E12E81E2429F4665 /* AppLogo.swift in Sources */,
				64765E6839599A8908BA15CC /* AppTheme.swift in Sources */,
				AE79486658FD5DA743477905 /* UsageProgressBar.swift in Sources */,
				8562936F5DB66DC6A8B9B311 /* WidgetReload.swift in Sources */,
			);
			runOnlyForDeploymentPostprocessing = 0;
		};
		27F831535EF9D33909C32377 /* Sources */ = {
			isa = PBXSourcesBuildPhase;
			buildActionMask = 2147483647;
			files = (
				00A0BB3E31C00F7135D07276 /* AIMeterWatchWidgets.swift in Sources */,
			);
			runOnlyForDeploymentPostprocessing = 0;
		};
		33E261B447AC368785292220 /* Sources */ = {
			isa = PBXSourcesBuildPhase;
			buildActionMask = 2147483647;
			files = (
				48E9852649EDDF1863002F82 /* AIMeterApp.swift in Sources */,
				B4E326E754AA0153945CC7F0 /* AccessibilitySettingsView.swift in Sources */,
				2F787B1ACC79125D4AAC842E /* AppAbout.swift in Sources */,
				468690C7442955A44BCF6A29 /* AppActivation.swift in Sources */,
				B53E3C6C505CAB92C8C6FF5B /* AppInstall.swift in Sources */,
				16F99EACE6CEF349FB77704E /* AppLogo.swift in Sources */,
				7EA9CCB2DF5C37B4D636FB42 /* AppTheme.swift in Sources */,
				CA316B4C1AA5277BAAD1F95C /* AuthenticationSettingsView.swift in Sources */,
				7A823078C65F60A69F97AF14 /* CycleSpendChart.swift in Sources */,
				A6AFF141D5343C44E7560DC6 /* GeneralSettingsView.swift in Sources */,
				65630D6A580645667FAF0C2A /* IncludedPaidAboutSettings.swift in Sources */,
				B8367C1036AD6176B57C62FB /* LayoutSettingsView.swift in Sources */,
				F84ADD3287C0725AA8022371 /* MenuBarLabelView.swift in Sources */,
				3533996B8F23679C6B551EC7 /* MenuBarPopoverView.swift in Sources */,
				9C68A3842709825E49E7EE6A /* SettingsOpenLink.swift in Sources */,
				A07164D4807101CA77C92ECC /* SettingsRootView.swift in Sources */,
				DCD9A5BB80D0ADF3AC093E01 /* StatusItemController.swift in Sources */,
				1D3A1A3B093D6AC5D8D9943C /* ThemeSettingsView.swift in Sources */,
				01466355E983B5405CC8DA60 /* UsageExportPanel.swift in Sources */,
				B4942BC54C23D27B3B0C692F /* UsageProgressBar.swift in Sources */,
				742610918337CFFE1E9A2D6C /* UsageUIComponents.swift in Sources */,
				73CB481D1F843595D66B8DA8 /* WidgetReload.swift in Sources */,
			);
			runOnlyForDeploymentPostprocessing = 0;
		};
		65DA46515233B5CDFA7533F6 /* Sources */ = {
			isa = PBXSourcesBuildPhase;
			buildActionMask = 2147483647;
			files = (
				F3631E4B9DC7F636B9062DA1 /* AIMeterWatchApp.swift in Sources */,
				E0C7B7A420F0483495B760D0 /* AppAbout.swift in Sources */,
				4901436BD7C1394014DDB7E0 /* AppLogo.swift in Sources */,
				A45D263258F7647970599390 /* AppTheme.swift in Sources */,
				0F9BC6E82ABB0F0CB7F3E5D7 /* UsageProgressBar.swift in Sources */,
				950FA61DBFE901089753440E /* WatchOverviewView.swift in Sources */,
				5AD2166A95668A12033E9C17 /* WatchSessionBridge.swift in Sources */,
				96938F49F23E259DE1477BE8 /* WidgetReload.swift in Sources */,
			);
			runOnlyForDeploymentPostprocessing = 0;
		};
		B20050ABD4A6510A54A49443 /* Sources */ = {
			isa = PBXSourcesBuildPhase;
			buildActionMask = 2147483647;
			files = (
				C8BBC52B8CD41CAB5400FC33 /* AIMeterWidgets.swift in Sources */,
				C1791AEF8061DB891B6CCE7C /* AppAbout.swift in Sources */,
				05D7C74F232987CC8C9E9E2F /* AppLogo.swift in Sources */,
				97A17BDE047421623758E64C /* AppTheme.swift in Sources */,
				6DE7DFDD4F86B6534251D0EC /* UsageProgressBar.swift in Sources */,
				AB451BA78F14A5B3989E75BD /* WidgetReload.swift in Sources */,
			);
			runOnlyForDeploymentPostprocessing = 0;
		};
/* End PBXSourcesBuildPhase section */

/* Begin PBXTargetDependency section */
		0EA18F34109DFCF0AE4D38F6 /* PBXTargetDependency */ = {
			isa = PBXTargetDependency;
			target = B53219F1684AE065007A8509 /* AIMeterWatch */;
			targetProxy = 0494409D5B8EB93BBDF3C15F /* PBXContainerItemProxy */;
		};
		117CDEBCB55B5148D358F4C5 /* PBXTargetDependency */ = {
			isa = PBXTargetDependency;
			target = A8AEC0712C3023E0271D4BA8 /* AIMeterWatchWidgets */;
			targetProxy = CB33DCBB130185C8A1C56E98 /* PBXContainerItemProxy */;
		};
		178C7E828B190A8E64836BCF /* PBXTargetDependency */ = {
			isa = PBXTargetDependency;
			target = 8902107AB14CDC4119A4D056 /* AIMeterWidgets */;
			targetProxy = 1AD449F742168CB4927C44D1 /* PBXContainerItemProxy */;
		};
		74EEF21923B0A2F08AE459A4 /* PBXTargetDependency */ = {
			isa = PBXTargetDependency;
			target = E5237823E9034ED5697EB313 /* AIMeteriOSWidgets */;
			targetProxy = 9AC3AD7A15A41F005DD9E471 /* PBXContainerItemProxy */;
		};
/* End PBXTargetDependency section */

/* Begin XCBuildConfiguration section */
		1D4EAC364146AA9FEB5CA13F /* Debug */ = {
			isa = XCBuildConfiguration;
			buildSettings = {
				ASSETCATALOG_COMPILER_APPICON_NAME = AppIcon;
				CODE_SIGN_ENTITLEMENTS = Apps/watchOS/AIMeterWatch/AIMeterWatch.entitlements;
				GENERATE_INFOPLIST_FILE = YES;
				INFOPLIST_FILE = Apps/watchOS/AIMeterWatch/Info.plist;
				INFOPLIST_KEY_CFBundleDisplayName = "AI Meter";
				PRODUCT_BUNDLE_IDENTIFIER = com.jamesware.aimeter.ios.watchkitapp;
				SDKROOT = watchos;
				SKIP_INSTALL = YES;
				TARGETED_DEVICE_FAMILY = 4;
			};
			name = Debug;
		};
		2084E98C599581B951640D7C /* Release */ = {
			isa = XCBuildConfiguration;
			buildSettings = {
				CODE_SIGN_ENTITLEMENTS = Widgets/watchOS/AIMeterWatchWidgets.entitlements;
				GENERATE_INFOPLIST_FILE = YES;
				INFOPLIST_FILE = Widgets/watchOS/Info.plist;
				INFOPLIST_KEY_CFBundleDisplayName = "AI Meter";
				LD_RUNPATH_SEARCH_PATHS = (
					"$(inherited)",
					"@executable_path/Frameworks",
					"@executable_path/../../Frameworks",
				);
				PRODUCT_BUNDLE_IDENTIFIER = com.jamesware.aimeter.ios.watchkitapp.widgets;
				SDKROOT = watchos;
				SKIP_INSTALL = YES;
				TARGETED_DEVICE_FAMILY = 4;
			};
			name = Release;
		};
		27D25FFFBB2F1EB343DC2E0C /* Debug */ = {
			isa = XCBuildConfiguration;
			buildSettings = {
				ASSETCATALOG_COMPILER_APPICON_NAME = AppIcon;
				CODE_SIGN_ENTITLEMENTS = Apps/iOS/AIMeteriOS/AIMeteriOS.entitlements;
				CODE_SIGN_IDENTITY = "iPhone Developer";
				GENERATE_INFOPLIST_FILE = YES;
				INFOPLIST_FILE = Apps/iOS/AIMeteriOS/Info.plist;
				INFOPLIST_KEY_CFBundleDisplayName = "AI Meter";
				LD_RUNPATH_SEARCH_PATHS = (
					"$(inherited)",
					"@executable_path/Frameworks",
				);
				PRODUCT_BUNDLE_IDENTIFIER = com.jamesware.aimeter.ios;
				SDKROOT = iphoneos;
				SUPPORTS_MACCATALYST = NO;
				TARGETED_DEVICE_FAMILY = "1,2";
			};
			name = Debug;
		};
		303EE899F042BD7D5DBA3910 /* Debug */ = {
			isa = XCBuildConfiguration;
			buildSettings = {
				ALWAYS_SEARCH_USER_PATHS = NO;
				CLANG_ANALYZER_NONNULL = YES;
				CLANG_ANALYZER_NUMBER_OBJECT_CONVERSION = YES_AGGRESSIVE;
				CLANG_CXX_LANGUAGE_STANDARD = "gnu++14";
				CLANG_CXX_LIBRARY = "libc++";
				CLANG_ENABLE_MODULES = YES;
				CLANG_ENABLE_OBJC_ARC = YES;
				CLANG_ENABLE_OBJC_WEAK = YES;
				CLANG_WARN_BLOCK_CAPTURE_AUTORELEASING = YES;
				CLANG_WARN_BOOL_CONVERSION = YES;
				CLANG_WARN_COMMA = YES;
				CLANG_WARN_CONSTANT_CONVERSION = YES;
				CLANG_WARN_DEPRECATED_OBJC_IMPLEMENTATIONS = YES;
				CLANG_WARN_DIRECT_OBJC_ISA_USAGE = YES_ERROR;
				CLANG_WARN_DOCUMENTATION_COMMENTS = YES;
				CLANG_WARN_EMPTY_BODY = YES;
				CLANG_WARN_ENUM_CONVERSION = YES;
				CLANG_WARN_INFINITE_RECURSION = YES;
				CLANG_WARN_INT_CONVERSION = YES;
				CLANG_WARN_NON_LITERAL_NULL_CONVERSION = YES;
				CLANG_WARN_OBJC_IMPLICIT_RETAIN_SELF = YES;
				CLANG_WARN_OBJC_LITERAL_CONVERSION = YES;
				CLANG_WARN_OBJC_ROOT_CLASS = YES_ERROR;
				CLANG_WARN_QUOTED_INCLUDE_IN_FRAMEWORK_HEADER = YES;
				CLANG_WARN_RANGE_LOOP_ANALYSIS = YES;
				CLANG_WARN_STRICT_PROTOTYPES = YES;
				CLANG_WARN_SUSPICIOUS_MOVE = YES;
				CLANG_WARN_UNGUARDED_AVAILABILITY = YES_AGGRESSIVE;
				CLANG_WARN_UNREACHABLE_CODE = YES;
				CLANG_WARN__DUPLICATE_METHOD_MATCH = YES;
				CODE_SIGN_STYLE = Automatic;
				COPY_PHASE_STRIP = NO;
				CURRENT_PROJECT_VERSION = 37;
				DEBUG_INFORMATION_FORMAT = dwarf;
				DEVELOPMENT_TEAM = 6998422DKP;
				ENABLE_STRICT_OBJC_MSGSEND = YES;
				ENABLE_TESTABILITY = YES;
				GCC_C_LANGUAGE_STANDARD = gnu11;
				GCC_DYNAMIC_NO_PIC = NO;
				GCC_NO_COMMON_BLOCKS = YES;
				GCC_OPTIMIZATION_LEVEL = 0;
				GCC_PREPROCESSOR_DEFINITIONS = (
					"$(inherited)",
					"DEBUG=1",
				);
				GCC_WARN_64_TO_32_BIT_CONVERSION = YES;
				GCC_WARN_ABOUT_RETURN_TYPE = YES_ERROR;
				GCC_WARN_UNDECLARED_SELECTOR = YES;
				GCC_WARN_UNINITIALIZED_AUTOS = YES_AGGRESSIVE;
				GCC_WARN_UNUSED_FUNCTION = YES;
				GCC_WARN_UNUSED_VARIABLE = YES;
				INFOPLIST_KEY_NSHumanReadableCopyright = "Copyright © 2026 JamesWare.dev";
				IPHONEOS_DEPLOYMENT_TARGET = 17.0;
				MACOSX_DEPLOYMENT_TARGET = 14.0;
				MARKETING_VERSION = 1.0.0;
				MTL_ENABLE_DEBUG_INFO = INCLUDE_SOURCE;
				MTL_FAST_MATH = YES;
				ONLY_ACTIVE_ARCH = YES;
				PRODUCT_NAME = "$(TARGET_NAME)";
				SWIFT_ACTIVE_COMPILATION_CONDITIONS = DEBUG;
				SWIFT_OPTIMIZATION_LEVEL = "-Onone";
				SWIFT_VERSION = 5.9;
				WATCHOS_DEPLOYMENT_TARGET = 10.0;
			};
			name = Debug;
		};
		538B89595813A0E327585A5D /* Release */ = {
			isa = XCBuildConfiguration;
			buildSettings = {
				ASSETCATALOG_COMPILER_APPICON_NAME = AppIcon;
				CODE_SIGN_ENTITLEMENTS = Apps/iOS/AIMeteriOS/AIMeteriOS.entitlements;
				CODE_SIGN_IDENTITY = "iPhone Developer";
				GENERATE_INFOPLIST_FILE = YES;
				INFOPLIST_FILE = Apps/iOS/AIMeteriOS/Info.plist;
				INFOPLIST_KEY_CFBundleDisplayName = "AI Meter";
				LD_RUNPATH_SEARCH_PATHS = (
					"$(inherited)",
					"@executable_path/Frameworks",
				);
				PRODUCT_BUNDLE_IDENTIFIER = com.jamesware.aimeter.ios;
				SDKROOT = iphoneos;
				SUPPORTS_MACCATALYST = NO;
				TARGETED_DEVICE_FAMILY = "1,2";
			};
			name = Release;
		};
		6DDB1C98234E79B4E4936017 /* Debug */ = {
			isa = XCBuildConfiguration;
			buildSettings = {
				ALWAYS_EMBED_SWIFT_STANDARD_LIBRARIES = YES;
				ASSETCATALOG_COMPILER_APPICON_NAME = AppIcon;
				CODE_SIGN_ENTITLEMENTS = Apps/macOS/AIMeter/AIMeter.entitlements;
				CODE_SIGN_STYLE = Automatic;
				COMBINE_HIDPI_IMAGES = YES;
				ENABLE_DEBUG_DYLIB = NO;
				ENABLE_HARDENED_RUNTIME = YES;
				GENERATE_INFOPLIST_FILE = NO;
				INFOPLIST_FILE = Apps/macOS/AIMeter/Info.plist;
				LD_RUNPATH_SEARCH_PATHS = (
					"$(inherited)",
					"@executable_path/../Frameworks",
				);
				PRODUCT_BUNDLE_IDENTIFIER = com.jamesware.aimeter.app;
				PRODUCT_NAME = "AI Meter";
				SDKROOT = macosx;
			};
			name = Debug;
		};
		814BA1D906C5A5F0B9B89EA3 /* Release */ = {
			isa = XCBuildConfiguration;
			buildSettings = {
				CODE_SIGN_ENTITLEMENTS = Widgets/iOS/AIMeteriOSWidgets.entitlements;
				GENERATE_INFOPLIST_FILE = YES;
				INFOPLIST_FILE = Widgets/AIMeterWidgets/Info.plist;
				INFOPLIST_KEY_CFBundleDisplayName = "AI Meter";
				LD_RUNPATH_SEARCH_PATHS = (
					"$(inherited)",
					"@executable_path/Frameworks",
					"@executable_path/../../Frameworks",
				);
				PRODUCT_BUNDLE_IDENTIFIER = com.jamesware.aimeter.ios.widgets;
				SDKROOT = iphoneos;
				SKIP_INSTALL = YES;
				TARGETED_DEVICE_FAMILY = "1,2";
			};
			name = Release;
		};
		8E81EF173620B236D1E6ED6B /* Release */ = {
			isa = XCBuildConfiguration;
			buildSettings = {
				ASSETCATALOG_COMPILER_APPICON_NAME = AppIcon;
				CODE_SIGN_ENTITLEMENTS = Apps/watchOS/AIMeterWatch/AIMeterWatch.entitlements;
				GENERATE_INFOPLIST_FILE = YES;
				INFOPLIST_FILE = Apps/watchOS/AIMeterWatch/Info.plist;
				INFOPLIST_KEY_CFBundleDisplayName = "AI Meter";
				PRODUCT_BUNDLE_IDENTIFIER = com.jamesware.aimeter.ios.watchkitapp;
				SDKROOT = watchos;
				SKIP_INSTALL = YES;
				TARGETED_DEVICE_FAMILY = 4;
			};
			name = Release;
		};
		9A71CF22C88798E165433007 /* Release */ = {
			isa = XCBuildConfiguration;
			buildSettings = {
				ALWAYS_EMBED_SWIFT_STANDARD_LIBRARIES = YES;
				ASSETCATALOG_COMPILER_APPICON_NAME = AppIcon;
				CODE_SIGN_ENTITLEMENTS = Apps/macOS/AIMeter/AIMeter.entitlements;
				CODE_SIGN_STYLE = Automatic;
				COMBINE_HIDPI_IMAGES = YES;
				ENABLE_DEBUG_DYLIB = NO;
				ENABLE_HARDENED_RUNTIME = YES;
				GENERATE_INFOPLIST_FILE = NO;
				INFOPLIST_FILE = Apps/macOS/AIMeter/Info.plist;
				LD_RUNPATH_SEARCH_PATHS = (
					"$(inherited)",
					"@executable_path/../Frameworks",
				);
				PRODUCT_BUNDLE_IDENTIFIER = com.jamesware.aimeter.app;
				PRODUCT_NAME = "AI Meter";
				SDKROOT = macosx;
			};
			name = Release;
		};
		9DB444D2A673CC80B026DD53 /* Debug */ = {
			isa = XCBuildConfiguration;
			buildSettings = {
				CODE_SIGN_ENTITLEMENTS = Widgets/iOS/AIMeteriOSWidgets.entitlements;
				GENERATE_INFOPLIST_FILE = YES;
				INFOPLIST_FILE = Widgets/AIMeterWidgets/Info.plist;
				INFOPLIST_KEY_CFBundleDisplayName = "AI Meter";
				LD_RUNPATH_SEARCH_PATHS = (
					"$(inherited)",
					"@executable_path/Frameworks",
					"@executable_path/../../Frameworks",
				);
				PRODUCT_BUNDLE_IDENTIFIER = com.jamesware.aimeter.ios.widgets;
				SDKROOT = iphoneos;
				SKIP_INSTALL = YES;
				TARGETED_DEVICE_FAMILY = "1,2";
			};
			name = Debug;
		};
		A5B331D0FED7C7826EC27E81 /* Debug */ = {
			isa = XCBuildConfiguration;
			buildSettings = {
				CODE_SIGN_ENTITLEMENTS = Widgets/watchOS/AIMeterWatchWidgets.entitlements;
				GENERATE_INFOPLIST_FILE = YES;
				INFOPLIST_FILE = Widgets/watchOS/Info.plist;
				INFOPLIST_KEY_CFBundleDisplayName = "AI Meter";
				LD_RUNPATH_SEARCH_PATHS = (
					"$(inherited)",
					"@executable_path/Frameworks",
					"@executable_path/../../Frameworks",
				);
				PRODUCT_BUNDLE_IDENTIFIER = com.jamesware.aimeter.ios.watchkitapp.widgets;
				SDKROOT = watchos;
				SKIP_INSTALL = YES;
				TARGETED_DEVICE_FAMILY = 4;
			};
			name = Debug;
		};
		BA610E6DCDDDD217E1C08B1D /* Debug */ = {
			isa = XCBuildConfiguration;
			buildSettings = {
				CODE_SIGN_ENTITLEMENTS = Widgets/AIMeterWidgets/AIMeterWidgets.entitlements;
				CODE_SIGN_INJECT_BASE_ENTITLEMENTS = NO;
				COMBINE_HIDPI_IMAGES = YES;
				ENABLE_DEBUG_DYLIB = NO;
				ENABLE_HARDENED_RUNTIME = YES;
				GENERATE_INFOPLIST_FILE = YES;
				INFOPLIST_FILE = Widgets/AIMeterWidgets/Info.plist;
				INFOPLIST_KEY_CFBundleDisplayName = "AI Meter";
				INFOPLIST_KEY_NSExtension_NSExtensionPointIdentifier = "com.apple.widgetkit-extension";
				LD_RUNPATH_SEARCH_PATHS = (
					"$(inherited)",
					"@executable_path/../Frameworks",
					"@executable_path/../../../../Frameworks",
				);
				PRODUCT_BUNDLE_IDENTIFIER = com.jamesware.aimeter.app.widgets;
				SDKROOT = macosx;
				SKIP_INSTALL = YES;
			};
			name = Debug;
		};
		F2B6AB6DAAFD0FDB5FC95AC8 /* Release */ = {
			isa = XCBuildConfiguration;
			buildSettings = {
				CODE_SIGN_ENTITLEMENTS = Widgets/AIMeterWidgets/AIMeterWidgets.entitlements;
				CODE_SIGN_INJECT_BASE_ENTITLEMENTS = NO;
				COMBINE_HIDPI_IMAGES = YES;
				ENABLE_DEBUG_DYLIB = NO;
				ENABLE_HARDENED_RUNTIME = YES;
				GENERATE_INFOPLIST_FILE = YES;
				INFOPLIST_FILE = Widgets/AIMeterWidgets/Info.plist;
				INFOPLIST_KEY_CFBundleDisplayName = "AI Meter";
				INFOPLIST_KEY_NSExtension_NSExtensionPointIdentifier = "com.apple.widgetkit-extension";
				LD_RUNPATH_SEARCH_PATHS = (
					"$(inherited)",
					"@executable_path/../Frameworks",
					"@executable_path/../../../../Frameworks",
				);
				PRODUCT_BUNDLE_IDENTIFIER = com.jamesware.aimeter.app.widgets;
				SDKROOT = macosx;
				SKIP_INSTALL = YES;
			};
			name = Release;
		};
		FF0547A3B01973150AE77363 /* Release */ = {
			isa = XCBuildConfiguration;
			buildSettings = {
				ALWAYS_SEARCH_USER_PATHS = NO;
				CLANG_ANALYZER_NONNULL = YES;
				CLANG_ANALYZER_NUMBER_OBJECT_CONVERSION = YES_AGGRESSIVE;
				CLANG_CXX_LANGUAGE_STANDARD = "gnu++14";
				CLANG_CXX_LIBRARY = "libc++";
				CLANG_ENABLE_MODULES = YES;
				CLANG_ENABLE_OBJC_ARC = YES;
				CLANG_ENABLE_OBJC_WEAK = YES;
				CLANG_WARN_BLOCK_CAPTURE_AUTORELEASING = YES;
				CLANG_WARN_BOOL_CONVERSION = YES;
				CLANG_WARN_COMMA = YES;
				CLANG_WARN_CONSTANT_CONVERSION = YES;
				CLANG_WARN_DEPRECATED_OBJC_IMPLEMENTATIONS = YES;
				CLANG_WARN_DIRECT_OBJC_ISA_USAGE = YES_ERROR;
				CLANG_WARN_DOCUMENTATION_COMMENTS = YES;
				CLANG_WARN_EMPTY_BODY = YES;
				CLANG_WARN_ENUM_CONVERSION = YES;
				CLANG_WARN_INFINITE_RECURSION = YES;
				CLANG_WARN_INT_CONVERSION = YES;
				CLANG_WARN_NON_LITERAL_NULL_CONVERSION = YES;
				CLANG_WARN_OBJC_IMPLICIT_RETAIN_SELF = YES;
				CLANG_WARN_OBJC_LITERAL_CONVERSION = YES;
				CLANG_WARN_OBJC_ROOT_CLASS = YES_ERROR;
				CLANG_WARN_QUOTED_INCLUDE_IN_FRAMEWORK_HEADER = YES;
				CLANG_WARN_RANGE_LOOP_ANALYSIS = YES;
				CLANG_WARN_STRICT_PROTOTYPES = YES;
				CLANG_WARN_SUSPICIOUS_MOVE = YES;
				CLANG_WARN_UNGUARDED_AVAILABILITY = YES_AGGRESSIVE;
				CLANG_WARN_UNREACHABLE_CODE = YES;
				CLANG_WARN__DUPLICATE_METHOD_MATCH = YES;
				CODE_SIGN_STYLE = Automatic;
				COPY_PHASE_STRIP = NO;
				CURRENT_PROJECT_VERSION = 37;
				DEBUG_INFORMATION_FORMAT = "dwarf-with-dsym";
				DEVELOPMENT_TEAM = 6998422DKP;
				ENABLE_NS_ASSERTIONS = NO;
				ENABLE_STRICT_OBJC_MSGSEND = YES;
				GCC_C_LANGUAGE_STANDARD = gnu11;
				GCC_NO_COMMON_BLOCKS = YES;
				GCC_WARN_64_TO_32_BIT_CONVERSION = YES;
				GCC_WARN_ABOUT_RETURN_TYPE = YES_ERROR;
				GCC_WARN_UNDECLARED_SELECTOR = YES;
				GCC_WARN_UNINITIALIZED_AUTOS = YES_AGGRESSIVE;
				GCC_WARN_UNUSED_FUNCTION = YES;
				GCC_WARN_UNUSED_VARIABLE = YES;
				INFOPLIST_KEY_NSHumanReadableCopyright = "Copyright © 2026 JamesWare.dev";
				IPHONEOS_DEPLOYMENT_TARGET = 17.0;
				MACOSX_DEPLOYMENT_TARGET = 14.0;
				MARKETING_VERSION = 1.0.0;
				MTL_ENABLE_DEBUG_INFO = NO;
				MTL_FAST_MATH = YES;
				PRODUCT_NAME = "$(TARGET_NAME)";
				SWIFT_COMPILATION_MODE = wholemodule;
				SWIFT_OPTIMIZATION_LEVEL = "-O";
				SWIFT_VERSION = 5.9;
				WATCHOS_DEPLOYMENT_TARGET = 10.0;
			};
			name = Release;
		};
/* End XCBuildConfiguration section */

/* Begin XCConfigurationList section */
		071B89477BD8161CCF6C010B /* Build configuration list for PBXNativeTarget "AIMeterWatch" */ = {
			isa = XCConfigurationList;
			buildConfigurations = (
				1D4EAC364146AA9FEB5CA13F /* Debug */,
				8E81EF173620B236D1E6ED6B /* Release */,
			);
			defaultConfigurationIsVisible = 0;
			defaultConfigurationName = Debug;
		};
		2013B684E9BFB9AC4197E653 /* Build configuration list for PBXNativeTarget "AIMeteriOSWidgets" */ = {
			isa = XCConfigurationList;
			buildConfigurations = (
				9DB444D2A673CC80B026DD53 /* Debug */,
				814BA1D906C5A5F0B9B89EA3 /* Release */,
			);
			defaultConfigurationIsVisible = 0;
			defaultConfigurationName = Debug;
		};
		4F3AF1FF0CFC41DD3782D5B1 /* Build configuration list for PBXNativeTarget "AIMeter" */ = {
			isa = XCConfigurationList;
			buildConfigurations = (
				6DDB1C98234E79B4E4936017 /* Debug */,
				9A71CF22C88798E165433007 /* Release */,
			);
			defaultConfigurationIsVisible = 0;
			defaultConfigurationName = Debug;
		};
		50F360109FFAF9D2D3B904EB /* Build configuration list for PBXNativeTarget "AIMeterWatchWidgets" */ = {
			isa = XCConfigurationList;
			buildConfigurations = (
				A5B331D0FED7C7826EC27E81 /* Debug */,
				2084E98C599581B951640D7C /* Release */,
			);
			defaultConfigurationIsVisible = 0;
			defaultConfigurationName = Debug;
		};
		6D9270003785FFBF5E6DA9CA /* Build configuration list for PBXProject "AIMeter" */ = {
			isa = XCConfigurationList;
			buildConfigurations = (
				303EE899F042BD7D5DBA3910 /* Debug */,
				FF0547A3B01973150AE77363 /* Release */,
			);
			defaultConfigurationIsVisible = 0;
			defaultConfigurationName = Debug;
		};
		7A6C5D0B16C28894893C8CC9 /* Build configuration list for PBXNativeTarget "AIMeterWidgets" */ = {
			isa = XCConfigurationList;
			buildConfigurations = (
				BA610E6DCDDDD217E1C08B1D /* Debug */,
				F2B6AB6DAAFD0FDB5FC95AC8 /* Release */,
			);
			defaultConfigurationIsVisible = 0;
			defaultConfigurationName = Debug;
		};
		9E8FFA281FF651BFB188BA9F /* Build configuration list for PBXNativeTarget "AIMeteriOS" */ = {
			isa = XCConfigurationList;
			buildConfigurations = (
				27D25FFFBB2F1EB343DC2E0C /* Debug */,
				538B89595813A0E327585A5D /* Release */,
			);
			defaultConfigurationIsVisible = 0;
			defaultConfigurationName = Debug;
		};
/* End XCConfigurationList section */

/* Begin XCLocalSwiftPackageReference section */
		2141F5BA2E9DFFA0B9A59B9F /* XCLocalSwiftPackageReference "Packages/AIMeterCore" */ = {
			isa = XCLocalSwiftPackageReference;
			relativePath = Packages/AIMeterCore;
		};
/* End XCLocalSwiftPackageReference section */

/* Begin XCRemoteSwiftPackageReference section */
		618454AA413E77CE568B4AFE /* XCRemoteSwiftPackageReference "Sparkle" */ = {
			isa = XCRemoteSwiftPackageReference;
			repositoryURL = "https://github.com/sparkle-project/Sparkle";
			requirement = {
				kind = exactVersion;
				version = 2.9.6;
			};
		};
/* End XCRemoteSwiftPackageReference section */

/* Begin XCSwiftPackageProductDependency section */
		2D973033E752AB9B14EEDD8C /* Sparkle */ = {
			isa = XCSwiftPackageProductDependency;
			package = 618454AA413E77CE568B4AFE /* XCRemoteSwiftPackageReference "Sparkle" */;
			productName = Sparkle;
		};
		56F0512A6C8447B78D569A0C /* AIMeterCore */ = {
			isa = XCSwiftPackageProductDependency;
			productName = AIMeterCore;
		};
		67AD2003BE5EA2E9FAA007D1 /* AIMeterCore */ = {
			isa = XCSwiftPackageProductDependency;
			productName = AIMeterCore;
		};
		898F86D4E3561DCA66DE66C0 /* AIMeterCore */ = {
			isa = XCSwiftPackageProductDependency;
			productName = AIMeterCore;
		};
		BA69FFD0BDD37A99CE9845DF /* AIMeterCore */ = {
			isa = XCSwiftPackageProductDependency;
			productName = AIMeterCore;
		};
		F65517D5DDE9E2607FD7FF1E /* AIMeterCore */ = {
			isa = XCSwiftPackageProductDependency;
			productName = AIMeterCore;
		};
		FCE0358F1DBD0E0E21745874 /* AIMeterCore */ = {
			isa = XCSwiftPackageProductDependency;
			productName = AIMeterCore;
		};
/* End XCSwiftPackageProductDependency section */
	};
	rootObject = 352CF428D2FD5BDA474D3321 /* Project object */;
}
